
Microsoft Visual Studio Solution File, Format Version 12.00
# Visual Studio 14
VisualStudioVersion = 14.0.25420.1
MinimumVisualStudioVersion = 10.0.40219.1
Project("{2150E333-8FDC-42A3-9474-1A3956D46DE8}") = "Solution Items", "Solution Items", "{925A1E60-3F00-4E72-A6C9-C75D3D9E5BA8}"
	ProjectSection(SolutionItems) = preProject
		CheckList.txt = CheckList.txt
		LiveMultimediaMarketLogo.bmp = LiveMultimediaMarketLogo.bmp
		!For deploy\LiveMultimediaServer.exe.manifest = !For deploy\LiveMultimediaServer.exe.manifest
		LiveMultimediaSystemLogo.png = LiveMultimediaSystemLogo.png
		Local.testsettings = Local.testsettings
	EndProjectSection
EndProject
Project("{FAE04EC0-301F-11D3-BF4B-00C04F79EFBC}") = "LiveMultimediaData", "LiveMultimediaData\LiveMultimediaData.csproj", "{8AB6C093-0CD2-404C-8E52-C59A041B7244}"
EndProject
Project("{FAE04EC0-301F-11D3-BF4B-00C04F79EFBC}") = "LiveMultimediaDataLayer", "LiveMultimediaDataLayer\LiveMultimediaDataLayer.csproj", "{C1470E89-EC88-414E-9F1C-78842B0AB772}"
EndProject
Project("{FAE04EC0-301F-11D3-BF4B-00C04F79EFBC}") = "LiveMultimediaApplication", "LiveMultimediaApplication\LiveMultimediaApplication.csproj", "{AD29E563-A6F8-4491-BAAB-192AA6C6926A}"
	ProjectSection(ProjectDependencies) = postProject
		{8AB6C093-0CD2-404C-8E52-C59A041B7244} = {8AB6C093-0CD2-404C-8E52-C59A041B7244}
	EndProjectSection
EndProject
Project("{FAE04EC0-301F-11D3-BF4B-00C04F79EFBC}") = "LiveMultimediaServiceConnection", "LiveMultimediaServiceConnection\LiveMultimediaServiceConnection.csproj", "{05520325-A23E-4FB2-91A9-C99E3ECC6821}"
EndProject
Project("{FAE04EC0-301F-11D3-BF4B-00C04F79EFBC}") = "LiveMultimediaOAuth", "LiveMultimediaOAuth\LiveMultimediaOAuth.csproj", "{D2632031-D943-44EF-AB18-7A2F264EFC62}"
EndProject
Project("{FAE04EC0-301F-11D3-BF4B-00C04F79EFBC}") = "LiveMultimediaREST", "LiveMultimediaREST\LiveMultimediaREST.csproj", "{A47ECFC9-BDE3-4478-B7E9-1C3FF5CFC9D0}"
EndProject
Project("{FAE04EC0-301F-11D3-BF4B-00C04F79EFBC}") = "LiveMultimediaSite", "LiveMultimediaSite\LiveMultimediaSite.csproj", "{C2482CF8-EEB1-477C-A416-55D4E879A1C4}"
EndProject
Project("{CC5FD16D-436D-48AD-A40C-5A424C6E3E79}") = "LiveMultimediaSite.Azure", "LiveMultimediaSite.Azure\LiveMultimediaSite.Azure.ccproj", "{A33109A7-0DD1-47B8-86CD-87A6843450DA}"
EndProject
Project("{FAE04EC0-301F-11D3-BF4B-00C04F79EFBC}") = "LiveMultimediaTest", "LiveMultimediaTest\LiveMultimediaTest.csproj", "{BD43C36A-2A9C-43B2-A901-CC466814958C}"
EndProject
Project("{CC5FD16D-436D-48AD-A40C-5A424C6E3E79}") = "LiveMultimediaService.Azure", "LiveMultimediaService.Azure\LiveMultimediaService.Azure.ccproj", "{37B21CCC-4CE9-4C1D-9B9A-5F0580B195D3}"
EndProject
Project("{FAE04EC0-301F-11D3-BF4B-00C04F79EFBC}") = "LiveMultimediaService", "LiveMultimediaService\LiveMultimediaService.csproj", "{7E4B88D5-2998-429C-9220-93E1041A0B7F}"
EndProject
Project("{FAE04EC0-301F-11D3-BF4B-00C04F79EFBC}") = "WebAndLoadTestService", "WebAndLoadTestService\WebAndLoadTestService.csproj", "{6B62D5E3-C09D-4DF1-9E31-911A983B31BB}"
EndProject
Project("{FAE04EC0-301F-11D3-BF4B-00C04F79EFBC}") = "LiveMultimediaLibrary", "LiveMultimediaLibrary\LiveMultimediaLibrary.csproj", "{113D70D0-9404-485D-ADA7-5BB7229DA80B}"
EndProject
Project("{FAE04EC0-301F-11D3-BF4B-00C04F79EFBC}") = "LiveMultimediaREST.Test", "LiveMultimediaREST.Test\LiveMultimediaREST.Test.csproj", "{4E754863-A057-4F68-B7EE-465769BA06A9}"
EndProject
Project("{6141683F-8A12-4E36-9623-2EB02B2C2303}") = "LiveMultimediaSetup", "LiveMultimediaSetup\LiveMultimediaSetup.isproj", "{201B5CAE-8F0D-4140-AD00-964BD9F2121D}"
	ProjectSection(ProjectDependencies) = postProject
		{AD29E563-A6F8-4491-BAAB-192AA6C6926A} = {AD29E563-A6F8-4491-BAAB-192AA6C6926A}
	EndProjectSection
EndProject
Project("{FAE04EC0-301F-11D3-BF4B-00C04F79EFBC}") = "LiveMultimediaEmailPush", "LiveMultimediaEmailPush\LiveMultimediaEmailPush.csproj", "{0E0C8934-672E-4F61-8601-374B34814F92}"
EndProject
Project("{FAE04EC0-301F-11D3-BF4B-00C04F79EFBC}") = "LiveMultimediaServer", "LiveMultimediaServer\LiveMultimediaServer.csproj", "{EF83B71D-64C5-41FF-9404-7A0103483942}"
EndProject
Project("{CC5FD16D-436D-48AD-A40C-5A424C6E3E79}") = "LiveMultimediaMarketTest.Azure", "LiveMultimediaMarketTest.Azure\LiveMultimediaMarketTest.Azure.ccproj", "{44319233-9B54-4308-9638-904D3C2245EB}"
EndProject
Project("{CC5FD16D-436D-48AD-A40C-5A424C6E3E79}") = "LiveMultimediaTestService.Azure", "LiveMultimediaTestService.Azure\LiveMultimediaTestService.Azure.ccproj", "{E7CDA5AC-077F-4181-898D-A2B467AF6A32}"
EndProject
Project("{CC5FD16D-436D-48AD-A40C-5A424C6E3E79}") = "LiveMultimediaTestSite.Azure", "LiveMultimediaTestSite.Azure\LiveMultimediaTestSite.Azure.ccproj", "{5AB51728-6709-4C35-A268-D8C0688CB12C}"
EndProject
Global
	GlobalSection(SolutionConfigurationPlatforms) = preSolution
		CD_ROM|Any CPU = CD_ROM|Any CPU
		CD_ROM|ARM = CD_ROM|ARM
		CD_ROM|x64 = CD_ROM|x64
		CD_ROM|x86 = CD_ROM|x86
		Debug|Any CPU = Debug|Any CPU
		Debug|ARM = Debug|ARM
		Debug|x64 = Debug|x64
		Debug|x86 = Debug|x86
		DVD-5|Any CPU = DVD-5|Any CPU
		DVD-5|ARM = DVD-5|ARM
		DVD-5|x64 = DVD-5|x64
		DVD-5|x86 = DVD-5|x86
		Release|Any CPU = Release|Any CPU
		Release|ARM = Release|ARM
		Release|x64 = Release|x64
		Release|x86 = Release|x86
		SingleImage|Any CPU = SingleImage|Any CPU
		SingleImage|ARM = SingleImage|ARM
		SingleImage|x64 = SingleImage|x64
		SingleImage|x86 = SingleImage|x86
		Test|Any CPU = Test|Any CPU
		Test|ARM = Test|ARM
		Test|x64 = Test|x64
		Test|x86 = Test|x86
	EndGlobalSection
	GlobalSection(ProjectConfigurationPlatforms) = postSolution
		{8AB6C093-0CD2-404C-8E52-C59A041B7244}.CD_ROM|Any CPU.ActiveCfg = Test|Any CPU
		{8AB6C093-0CD2-404C-8E52-C59A041B7244}.CD_ROM|Any CPU.Build.0 = Test|Any CPU
		{8AB6C093-0CD2-404C-8E52-C59A041B7244}.CD_ROM|ARM.ActiveCfg = Test|Any CPU
		{8AB6C093-0CD2-404C-8E52-C59A041B7244}.CD_ROM|x64.ActiveCfg = Test|Any CPU
		{8AB6C093-0CD2-404C-8E52-C59A041B7244}.CD_ROM|x86.ActiveCfg = Test|Any CPU
		{8AB6C093-0CD2-404C-8E52-C59A041B7244}.Debug|Any CPU.ActiveCfg = Debug|Any CPU
		{8AB6C093-0CD2-404C-8E52-C59A041B7244}.Debug|Any CPU.Build.0 = Debug|Any CPU
		{8AB6C093-0CD2-404C-8E52-C59A041B7244}.Debug|ARM.ActiveCfg = Debug|Any CPU
		{8AB6C093-0CD2-404C-8E52-C59A041B7244}.Debug|x64.ActiveCfg = Debug|Any CPU
		{8AB6C093-0CD2-404C-8E52-C59A041B7244}.Debug|x86.ActiveCfg = Debug|Any CPU
		{8AB6C093-0CD2-404C-8E52-C59A041B7244}.DVD-5|Any CPU.ActiveCfg = Debug|Any CPU
		{8AB6C093-0CD2-404C-8E52-C59A041B7244}.DVD-5|Any CPU.Build.0 = Debug|Any CPU
		{8AB6C093-0CD2-404C-8E52-C59A041B7244}.DVD-5|ARM.ActiveCfg = Debug|Any CPU
		{8AB6C093-0CD2-404C-8E52-C59A041B7244}.DVD-5|x64.ActiveCfg = Debug|Any CPU
		{8AB6C093-0CD2-404C-8E52-C59A041B7244}.DVD-5|x86.ActiveCfg = Debug|Any CPU
		{8AB6C093-0CD2-404C-8E52-C59A041B7244}.Release|Any CPU.ActiveCfg = Release|Any CPU
		{8AB6C093-0CD2-404C-8E52-C59A041B7244}.Release|Any CPU.Build.0 = Release|Any CPU
		{8AB6C093-0CD2-404C-8E52-C59A041B7244}.Release|ARM.ActiveCfg = Release|Any CPU
		{8AB6C093-0CD2-404C-8E52-C59A041B7244}.Release|x64.ActiveCfg = Release|Any CPU
		{8AB6C093-0CD2-404C-8E52-C59A041B7244}.Release|x86.ActiveCfg = Release|Any CPU
		{8AB6C093-0CD2-404C-8E52-C59A041B7244}.SingleImage|Any CPU.ActiveCfg = Test|Any CPU
		{8AB6C093-0CD2-404C-8E52-C59A041B7244}.SingleImage|Any CPU.Build.0 = Test|Any CPU
		{8AB6C093-0CD2-404C-8E52-C59A041B7244}.SingleImage|ARM.ActiveCfg = Test|Any CPU
		{8AB6C093-0CD2-404C-8E52-C59A041B7244}.SingleImage|x64.ActiveCfg = Test|Any CPU
		{8AB6C093-0CD2-404C-8E52-C59A041B7244}.SingleImage|x86.ActiveCfg = Test|Any CPU
		{8AB6C093-0CD2-404C-8E52-C59A041B7244}.Test|Any CPU.ActiveCfg = Debug|Any CPU
		{8AB6C093-0CD2-404C-8E52-C59A041B7244}.Test|Any CPU.Build.0 = Debug|Any CPU
		{8AB6C093-0CD2-404C-8E52-C59A041B7244}.Test|ARM.ActiveCfg = Test|Any CPU
		{8AB6C093-0CD2-404C-8E52-C59A041B7244}.Test|x64.ActiveCfg = Test|Any CPU
		{8AB6C093-0CD2-404C-8E52-C59A041B7244}.Test|x86.ActiveCfg = Test|Any CPU
		{C1470E89-EC88-414E-9F1C-78842B0AB772}.CD_ROM|Any CPU.ActiveCfg = Test|Any CPU
		{C1470E89-EC88-414E-9F1C-78842B0AB772}.CD_ROM|Any CPU.Build.0 = Test|Any CPU
		{C1470E89-EC88-414E-9F1C-78842B0AB772}.CD_ROM|ARM.ActiveCfg = Test|Any CPU
		{C1470E89-EC88-414E-9F1C-78842B0AB772}.CD_ROM|x64.ActiveCfg = Test|Any CPU
		{C1470E89-EC88-414E-9F1C-78842B0AB772}.CD_ROM|x86.ActiveCfg = Test|Any CPU
		{C1470E89-EC88-414E-9F1C-78842B0AB772}.Debug|Any CPU.ActiveCfg = Debug|Any CPU
		{C1470E89-EC88-414E-9F1C-78842B0AB772}.Debug|Any CPU.Build.0 = Debug|Any CPU
		{C1470E89-EC88-414E-9F1C-78842B0AB772}.Debug|ARM.ActiveCfg = Debug|Any CPU
		{C1470E89-EC88-414E-9F1C-78842B0AB772}.Debug|x64.ActiveCfg = Debug|Any CPU
		{C1470E89-EC88-414E-9F1C-78842B0AB772}.Debug|x86.ActiveCfg = Debug|Any CPU
		{C1470E89-EC88-414E-9F1C-78842B0AB772}.DVD-5|Any CPU.ActiveCfg = Debug|Any CPU
		{C1470E89-EC88-414E-9F1C-78842B0AB772}.DVD-5|Any CPU.Build.0 = Debug|Any CPU
		{C1470E89-EC88-414E-9F1C-78842B0AB772}.DVD-5|ARM.ActiveCfg = Debug|Any CPU
		{C1470E89-EC88-414E-9F1C-78842B0AB772}.DVD-5|x64.ActiveCfg = Debug|Any CPU
		{C1470E89-EC88-414E-9F1C-78842B0AB772}.DVD-5|x86.ActiveCfg = Debug|Any CPU
		{C1470E89-EC88-414E-9F1C-78842B0AB772}.Release|Any CPU.ActiveCfg = Release|Any CPU
		{C1470E89-EC88-414E-9F1C-78842B0AB772}.Release|Any CPU.Build.0 = Release|Any CPU
		{C1470E89-EC88-414E-9F1C-78842B0AB772}.Release|Any CPU.Deploy.0 = Release|Any CPU
		{C1470E89-EC88-414E-9F1C-78842B0AB772}.Release|ARM.ActiveCfg = Release|Any CPU
		{C1470E89-EC88-414E-9F1C-78842B0AB772}.Release|x64.ActiveCfg = Release|Any CPU
		{C1470E89-EC88-414E-9F1C-78842B0AB772}.Release|x86.ActiveCfg = Release|Any CPU
		{C1470E89-EC88-414E-9F1C-78842B0AB772}.SingleImage|Any CPU.ActiveCfg = Test|Any CPU
		{C1470E89-EC88-414E-9F1C-78842B0AB772}.SingleImage|Any CPU.Build.0 = Test|Any CPU
		{C1470E89-EC88-414E-9F1C-78842B0AB772}.SingleImage|ARM.ActiveCfg = Test|Any CPU
		{C1470E89-EC88-414E-9F1C-78842B0AB772}.SingleImage|x64.ActiveCfg = Test|Any CPU
		{C1470E89-EC88-414E-9F1C-78842B0AB772}.SingleImage|x86.ActiveCfg = Test|Any CPU
		{C1470E89-EC88-414E-9F1C-78842B0AB772}.Test|Any CPU.ActiveCfg = Debug|Any CPU
		{C1470E89-EC88-414E-9F1C-78842B0AB772}.Test|Any CPU.Build.0 = Debug|Any CPU
		{C1470E89-EC88-414E-9F1C-78842B0AB772}.Test|ARM.ActiveCfg = Test|Any CPU
		{C1470E89-EC88-414E-9F1C-78842B0AB772}.Test|x64.ActiveCfg = Test|Any CPU
		{C1470E89-EC88-414E-9F1C-78842B0AB772}.Test|x86.ActiveCfg = Test|Any CPU
		{AD29E563-A6F8-4491-BAAB-192AA6C6926A}.CD_ROM|Any CPU.ActiveCfg = Test|Any CPU
		{AD29E563-A6F8-4491-BAAB-192AA6C6926A}.CD_ROM|Any CPU.Build.0 = Test|Any CPU
		{AD29E563-A6F8-4491-BAAB-192AA6C6926A}.CD_ROM|ARM.ActiveCfg = Test|Any CPU
		{AD29E563-A6F8-4491-BAAB-192AA6C6926A}.CD_ROM|x64.ActiveCfg = Test|Any CPU
		{AD29E563-A6F8-4491-BAAB-192AA6C6926A}.CD_ROM|x86.ActiveCfg = Test|Any CPU
		{AD29E563-A6F8-4491-BAAB-192AA6C6926A}.Debug|Any CPU.ActiveCfg = Debug|Any CPU
		{AD29E563-A6F8-4491-BAAB-192AA6C6926A}.Debug|Any CPU.Build.0 = Debug|Any CPU
		{AD29E563-A6F8-4491-BAAB-192AA6C6926A}.Debug|ARM.ActiveCfg = Debug|Any CPU
		{AD29E563-A6F8-4491-BAAB-192AA6C6926A}.Debug|x64.ActiveCfg = Debug|Any CPU
		{AD29E563-A6F8-4491-BAAB-192AA6C6926A}.Debug|x86.ActiveCfg = Debug|Any CPU
		{AD29E563-A6F8-4491-BAAB-192AA6C6926A}.DVD-5|Any CPU.ActiveCfg = Debug|Any CPU
		{AD29E563-A6F8-4491-BAAB-192AA6C6926A}.DVD-5|Any CPU.Build.0 = Debug|Any CPU
		{AD29E563-A6F8-4491-BAAB-192AA6C6926A}.DVD-5|ARM.ActiveCfg = Debug|Any CPU
		{AD29E563-A6F8-4491-BAAB-192AA6C6926A}.DVD-5|x64.ActiveCfg = Debug|Any CPU
		{AD29E563-A6F8-4491-BAAB-192AA6C6926A}.DVD-5|x86.ActiveCfg = Debug|Any CPU
		{AD29E563-A6F8-4491-BAAB-192AA6C6926A}.Release|Any CPU.ActiveCfg = Release|Any CPU
		{AD29E563-A6F8-4491-BAAB-192AA6C6926A}.Release|Any CPU.Build.0 = Release|Any CPU
		{AD29E563-A6F8-4491-BAAB-192AA6C6926A}.Release|ARM.ActiveCfg = Release|Any CPU
		{AD29E563-A6F8-4491-BAAB-192AA6C6926A}.Release|x64.ActiveCfg = Release|Any CPU
		{AD29E563-A6F8-4491-BAAB-192AA6C6926A}.Release|x86.ActiveCfg = Release|Any CPU
		{AD29E563-A6F8-4491-BAAB-192AA6C6926A}.SingleImage|Any CPU.ActiveCfg = Test|Any CPU
		{AD29E563-A6F8-4491-BAAB-192AA6C6926A}.SingleImage|Any CPU.Build.0 = Test|Any CPU
		{AD29E563-A6F8-4491-BAAB-192AA6C6926A}.SingleImage|ARM.ActiveCfg = Test|Any CPU
		{AD29E563-A6F8-4491-BAAB-192AA6C6926A}.SingleImage|x64.ActiveCfg = Test|Any CPU
		{AD29E563-A6F8-4491-BAAB-192AA6C6926A}.SingleImage|x86.ActiveCfg = Test|Any CPU
		{AD29E563-A6F8-4491-BAAB-192AA6C6926A}.Test|Any CPU.ActiveCfg = Test|Any CPU
		{AD29E563-A6F8-4491-BAAB-192AA6C6926A}.Test|Any CPU.Build.0 = Test|Any CPU
		{AD29E563-A6F8-4491-BAAB-192AA6C6926A}.Test|ARM.ActiveCfg = Test|Any CPU
		{AD29E563-A6F8-4491-BAAB-192AA6C6926A}.Test|x64.ActiveCfg = Test|Any CPU
		{AD29E563-A6F8-4491-BAAB-192AA6C6926A}.Test|x86.ActiveCfg = Test|Any CPU
		{05520325-A23E-4FB2-91A9-C99E3ECC6821}.CD_ROM|Any CPU.ActiveCfg = Test|Any CPU
		{05520325-A23E-4FB2-91A9-C99E3ECC6821}.CD_ROM|Any CPU.Build.0 = Test|Any CPU
		{05520325-A23E-4FB2-91A9-C99E3ECC6821}.CD_ROM|ARM.ActiveCfg = Test|Any CPU
		{05520325-A23E-4FB2-91A9-C99E3ECC6821}.CD_ROM|x64.ActiveCfg = Test|Any CPU
		{05520325-A23E-4FB2-91A9-C99E3ECC6821}.CD_ROM|x86.ActiveCfg = Test|Any CPU
		{05520325-A23E-4FB2-91A9-C99E3ECC6821}.Debug|Any CPU.ActiveCfg = Debug|Any CPU
		{05520325-A23E-4FB2-91A9-C99E3ECC6821}.Debug|Any CPU.Build.0 = Debug|Any CPU
		{05520325-A23E-4FB2-91A9-C99E3ECC6821}.Debug|ARM.ActiveCfg = Debug|Any CPU
		{05520325-A23E-4FB2-91A9-C99E3ECC6821}.Debug|x64.ActiveCfg = Debug|Any CPU
		{05520325-A23E-4FB2-91A9-C99E3ECC6821}.Debug|x86.ActiveCfg = Debug|Any CPU
		{05520325-A23E-4FB2-91A9-C99E3ECC6821}.DVD-5|Any CPU.ActiveCfg = Debug|Any CPU
		{05520325-A23E-4FB2-91A9-C99E3ECC6821}.DVD-5|Any CPU.Build.0 = Debug|Any CPU
		{05520325-A23E-4FB2-91A9-C99E3ECC6821}.DVD-5|ARM.ActiveCfg = Debug|Any CPU
		{05520325-A23E-4FB2-91A9-C99E3ECC6821}.DVD-5|x64.ActiveCfg = Debug|Any CPU
		{05520325-A23E-4FB2-91A9-C99E3ECC6821}.DVD-5|x86.ActiveCfg = Debug|Any CPU
		{05520325-A23E-4FB2-91A9-C99E3ECC6821}.Release|Any CPU.ActiveCfg = Release|Any CPU
		{05520325-A23E-4FB2-91A9-C99E3ECC6821}.Release|Any CPU.Build.0 = Release|Any CPU
		{05520325-A23E-4FB2-91A9-C99E3ECC6821}.Release|ARM.ActiveCfg = Release|Any CPU
		{05520325-A23E-4FB2-91A9-C99E3ECC6821}.Release|x64.ActiveCfg = Release|Any CPU
		{05520325-A23E-4FB2-91A9-C99E3ECC6821}.Release|x86.ActiveCfg = Release|Any CPU
		{05520325-A23E-4FB2-91A9-C99E3ECC6821}.SingleImage|Any CPU.ActiveCfg = Test|Any CPU
		{05520325-A23E-4FB2-91A9-C99E3ECC6821}.SingleImage|Any CPU.Build.0 = Test|Any CPU
		{05520325-A23E-4FB2-91A9-C99E3ECC6821}.SingleImage|ARM.ActiveCfg = Test|Any CPU
		{05520325-A23E-4FB2-91A9-C99E3ECC6821}.SingleImage|x64.ActiveCfg = Test|Any CPU
		{05520325-A23E-4FB2-91A9-C99E3ECC6821}.SingleImage|x86.ActiveCfg = Test|Any CPU
		{05520325-A23E-4FB2-91A9-C99E3ECC6821}.Test|Any CPU.ActiveCfg = Debug|Any CPU
		{05520325-A23E-4FB2-91A9-C99E3ECC6821}.Test|Any CPU.Build.0 = Debug|Any CPU
		{05520325-A23E-4FB2-91A9-C99E3ECC6821}.Test|ARM.ActiveCfg = Test|Any CPU
		{05520325-A23E-4FB2-91A9-C99E3ECC6821}.Test|x64.ActiveCfg = Test|Any CPU
		{05520325-A23E-4FB2-91A9-C99E3ECC6821}.Test|x86.ActiveCfg = Test|Any CPU
		{D2632031-D943-44EF-AB18-7A2F264EFC62}.CD_ROM|Any CPU.ActiveCfg = Test|Any CPU
		{D2632031-D943-44EF-AB18-7A2F264EFC62}.CD_ROM|Any CPU.Build.0 = Test|Any CPU
		{D2632031-D943-44EF-AB18-7A2F264EFC62}.CD_ROM|ARM.ActiveCfg = Test|Any CPU
		{D2632031-D943-44EF-AB18-7A2F264EFC62}.CD_ROM|x64.ActiveCfg = Test|Any CPU
		{D2632031-D943-44EF-AB18-7A2F264EFC62}.CD_ROM|x86.ActiveCfg = Test|Any CPU
		{D2632031-D943-44EF-AB18-7A2F264EFC62}.Debug|Any CPU.ActiveCfg = Debug|Any CPU
		{D2632031-D943-44EF-AB18-7A2F264EFC62}.Debug|Any CPU.Build.0 = Debug|Any CPU
		{D2632031-D943-44EF-AB18-7A2F264EFC62}.Debug|ARM.ActiveCfg = Debug|Any CPU
		{D2632031-D943-44EF-AB18-7A2F264EFC62}.Debug|x64.ActiveCfg = Debug|Any CPU
		{D2632031-D943-44EF-AB18-7A2F264EFC62}.Debug|x86.ActiveCfg = Debug|Any CPU
		{D2632031-D943-44EF-AB18-7A2F264EFC62}.DVD-5|Any CPU.ActiveCfg = Debug|Any CPU
		{D2632031-D943-44EF-AB18-7A2F264EFC62}.DVD-5|Any CPU.Build.0 = Debug|Any CPU
		{D2632031-D943-44EF-AB18-7A2F264EFC62}.DVD-5|ARM.ActiveCfg = Debug|Any CPU
		{D2632031-D943-44EF-AB18-7A2F264EFC62}.DVD-5|x64.ActiveCfg = Debug|Any CPU
		{D2632031-D943-44EF-AB18-7A2F264EFC62}.DVD-5|x86.ActiveCfg = Debug|Any CPU
		{D2632031-D943-44EF-AB18-7A2F264EFC62}.Release|Any CPU.ActiveCfg = Release|Any CPU
		{D2632031-D943-44EF-AB18-7A2F264EFC62}.Release|Any CPU.Build.0 = Release|Any CPU
		{D2632031-D943-44EF-AB18-7A2F264EFC62}.Release|ARM.ActiveCfg = Release|Any CPU
		{D2632031-D943-44EF-AB18-7A2F264EFC62}.Release|x64.ActiveCfg = Release|Any CPU
		{D2632031-D943-44EF-AB18-7A2F264EFC62}.Release|x86.ActiveCfg = Release|Any CPU
		{D2632031-D943-44EF-AB18-7A2F264EFC62}.SingleImage|Any CPU.ActiveCfg = Test|Any CPU
		{D2632031-D943-44EF-AB18-7A2F264EFC62}.SingleImage|Any CPU.Build.0 = Test|Any CPU
		{D2632031-D943-44EF-AB18-7A2F264EFC62}.SingleImage|ARM.ActiveCfg = Test|Any CPU
		{D2632031-D943-44EF-AB18-7A2F264EFC62}.SingleImage|x64.ActiveCfg = Test|Any CPU
		{D2632031-D943-44EF-AB18-7A2F264EFC62}.SingleImage|x86.ActiveCfg = Test|Any CPU
		{D2632031-D943-44EF-AB18-7A2F264EFC62}.Test|Any CPU.ActiveCfg = Debug|Any CPU
		{D2632031-D943-44EF-AB18-7A2F264EFC62}.Test|Any CPU.Build.0 = Debug|Any CPU
		{D2632031-D943-44EF-AB18-7A2F264EFC62}.Test|ARM.ActiveCfg = Test|Any CPU
		{D2632031-D943-44EF-AB18-7A2F264EFC62}.Test|x64.ActiveCfg = Test|Any CPU
		{D2632031-D943-44EF-AB18-7A2F264EFC62}.Test|x86.ActiveCfg = Test|Any CPU
		{A47ECFC9-BDE3-4478-B7E9-1C3FF5CFC9D0}.CD_ROM|Any CPU.ActiveCfg = Test|Any CPU
		{A47ECFC9-BDE3-4478-B7E9-1C3FF5CFC9D0}.CD_ROM|Any CPU.Build.0 = Test|Any CPU
		{A47ECFC9-BDE3-4478-B7E9-1C3FF5CFC9D0}.CD_ROM|ARM.ActiveCfg = Test|Any CPU
		{A47ECFC9-BDE3-4478-B7E9-1C3FF5CFC9D0}.CD_ROM|x64.ActiveCfg = Test|Any CPU
		{A47ECFC9-BDE3-4478-B7E9-1C3FF5CFC9D0}.CD_ROM|x86.ActiveCfg = Test|Any CPU
		{A47ECFC9-BDE3-4478-B7E9-1C3FF5CFC9D0}.Debug|Any CPU.ActiveCfg = Debug|Any CPU
		{A47ECFC9-BDE3-4478-B7E9-1C3FF5CFC9D0}.Debug|Any CPU.Build.0 = Debug|Any CPU
		{A47ECFC9-BDE3-4478-B7E9-1C3FF5CFC9D0}.Debug|ARM.ActiveCfg = Debug|Any CPU
		{A47ECFC9-BDE3-4478-B7E9-1C3FF5CFC9D0}.Debug|x64.ActiveCfg = Debug|Any CPU
		{A47ECFC9-BDE3-4478-B7E9-1C3FF5CFC9D0}.Debug|x86.ActiveCfg = Debug|Any CPU
		{A47ECFC9-BDE3-4478-B7E9-1C3FF5CFC9D0}.DVD-5|Any CPU.ActiveCfg = Debug|Any CPU
		{A47ECFC9-BDE3-4478-B7E9-1C3FF5CFC9D0}.DVD-5|Any CPU.Build.0 = Debug|Any CPU
		{A47ECFC9-BDE3-4478-B7E9-1C3FF5CFC9D0}.DVD-5|ARM.ActiveCfg = Debug|Any CPU
		{A47ECFC9-BDE3-4478-B7E9-1C3FF5CFC9D0}.DVD-5|x64.ActiveCfg = Debug|Any CPU
		{A47ECFC9-BDE3-4478-B7E9-1C3FF5CFC9D0}.DVD-5|x86.ActiveCfg = Debug|Any CPU
		{A47ECFC9-BDE3-4478-B7E9-1C3FF5CFC9D0}.Release|Any CPU.ActiveCfg = Release|Any CPU
		{A47ECFC9-BDE3-4478-B7E9-1C3FF5CFC9D0}.Release|Any CPU.Build.0 = Release|Any CPU
		{A47ECFC9-BDE3-4478-B7E9-1C3FF5CFC9D0}.Release|ARM.ActiveCfg = Release|Any CPU
		{A47ECFC9-BDE3-4478-B7E9-1C3FF5CFC9D0}.Release|x64.ActiveCfg = Release|Any CPU
		{A47ECFC9-BDE3-4478-B7E9-1C3FF5CFC9D0}.Release|x86.ActiveCfg = Release|Any CPU
		{A47ECFC9-BDE3-4478-B7E9-1C3FF5CFC9D0}.SingleImage|Any CPU.ActiveCfg = Test|Any CPU
		{A47ECFC9-BDE3-4478-B7E9-1C3FF5CFC9D0}.SingleImage|Any CPU.Build.0 = Test|Any CPU
		{A47ECFC9-BDE3-4478-B7E9-1C3FF5CFC9D0}.SingleImage|ARM.ActiveCfg = Test|Any CPU
		{A47ECFC9-BDE3-4478-B7E9-1C3FF5CFC9D0}.SingleImage|x64.ActiveCfg = Test|Any CPU
		{A47ECFC9-BDE3-4478-B7E9-1C3FF5CFC9D0}.SingleImage|x86.ActiveCfg = Test|Any CPU
		{A47ECFC9-BDE3-4478-B7E9-1C3FF5CFC9D0}.Test|Any CPU.ActiveCfg = Debug|Any CPU
		{A47ECFC9-BDE3-4478-B7E9-1C3FF5CFC9D0}.Test|Any CPU.Build.0 = Debug|Any CPU
		{A47ECFC9-BDE3-4478-B7E9-1C3FF5CFC9D0}.Test|ARM.ActiveCfg = Test|Any CPU
		{A47ECFC9-BDE3-4478-B7E9-1C3FF5CFC9D0}.Test|x64.ActiveCfg = Test|Any CPU
		{A47ECFC9-BDE3-4478-B7E9-1C3FF5CFC9D0}.Test|x86.ActiveCfg = Test|Any CPU
		{C2482CF8-EEB1-477C-A416-55D4E879A1C4}.CD_ROM|Any CPU.ActiveCfg = Test|Any CPU
		{C2482CF8-EEB1-477C-A416-55D4E879A1C4}.CD_ROM|Any CPU.Build.0 = Test|Any CPU
		{C2482CF8-EEB1-477C-A416-55D4E879A1C4}.CD_ROM|ARM.ActiveCfg = Test|Any CPU
		{C2482CF8-EEB1-477C-A416-55D4E879A1C4}.CD_ROM|x64.ActiveCfg = Test|Any CPU
		{C2482CF8-EEB1-477C-A416-55D4E879A1C4}.CD_ROM|x86.ActiveCfg = Test|Any CPU
		{C2482CF8-EEB1-477C-A416-55D4E879A1C4}.Debug|Any CPU.ActiveCfg = Debug|Any CPU
		{C2482CF8-EEB1-477C-A416-55D4E879A1C4}.Debug|Any CPU.Build.0 = Debug|Any CPU
		{C2482CF8-EEB1-477C-A416-55D4E879A1C4}.Debug|ARM.ActiveCfg = Debug|Any CPU
		{C2482CF8-EEB1-477C-A416-55D4E879A1C4}.Debug|x64.ActiveCfg = Debug|Any CPU
		{C2482CF8-EEB1-477C-A416-55D4E879A1C4}.Debug|x86.ActiveCfg = Debug|Any CPU
		{C2482CF8-EEB1-477C-A416-55D4E879A1C4}.DVD-5|Any CPU.ActiveCfg = Debug|Any CPU
		{C2482CF8-EEB1-477C-A416-55D4E879A1C4}.DVD-5|Any CPU.Build.0 = Debug|Any CPU
		{C2482CF8-EEB1-477C-A416-55D4E879A1C4}.DVD-5|ARM.ActiveCfg = Debug|Any CPU
		{C2482CF8-EEB1-477C-A416-55D4E879A1C4}.DVD-5|x64.ActiveCfg = Debug|Any CPU
		{C2482CF8-EEB1-477C-A416-55D4E879A1C4}.DVD-5|x86.ActiveCfg = Debug|Any CPU
		{C2482CF8-EEB1-477C-A416-55D4E879A1C4}.Release|Any CPU.ActiveCfg = Release|Any CPU
		{C2482CF8-EEB1-477C-A416-55D4E879A1C4}.Release|Any CPU.Build.0 = Release|Any CPU
		{C2482CF8-EEB1-477C-A416-55D4E879A1C4}.Release|ARM.ActiveCfg = Release|Any CPU
		{C2482CF8-EEB1-477C-A416-55D4E879A1C4}.Release|x64.ActiveCfg = Release|Any CPU
		{C2482CF8-EEB1-477C-A416-55D4E879A1C4}.Release|x86.ActiveCfg = Release|Any CPU
		{C2482CF8-EEB1-477C-A416-55D4E879A1C4}.SingleImage|Any CPU.ActiveCfg = Test|Any CPU
		{C2482CF8-EEB1-477C-A416-55D4E879A1C4}.SingleImage|Any CPU.Build.0 = Test|Any CPU
		{C2482CF8-EEB1-477C-A416-55D4E879A1C4}.SingleImage|ARM.ActiveCfg = Test|Any CPU
		{C2482CF8-EEB1-477C-A416-55D4E879A1C4}.SingleImage|x64.ActiveCfg = Test|Any CPU
		{C2482CF8-EEB1-477C-A416-55D4E879A1C4}.SingleImage|x86.ActiveCfg = Test|Any CPU
		{C2482CF8-EEB1-477C-A416-55D4E879A1C4}.Test|Any CPU.ActiveCfg = Debug|Any CPU
		{C2482CF8-EEB1-477C-A416-55D4E879A1C4}.Test|Any CPU.Build.0 = Debug|Any CPU
		{C2482CF8-EEB1-477C-A416-55D4E879A1C4}.Test|ARM.ActiveCfg = Test|Any CPU
		{C2482CF8-EEB1-477C-A416-55D4E879A1C4}.Test|x64.ActiveCfg = Test|Any CPU
		{C2482CF8-EEB1-477C-A416-55D4E879A1C4}.Test|x86.ActiveCfg = Test|Any CPU
		{A33109A7-0DD1-47B8-86CD-87A6843450DA}.CD_ROM|Any CPU.ActiveCfg = Test|Any CPU
		{A33109A7-0DD1-47B8-86CD-87A6843450DA}.CD_ROM|Any CPU.Build.0 = Test|Any CPU
		{A33109A7-0DD1-47B8-86CD-87A6843450DA}.CD_ROM|ARM.ActiveCfg = Test|Any CPU
		{A33109A7-0DD1-47B8-86CD-87A6843450DA}.CD_ROM|x64.ActiveCfg = Test|Any CPU
		{A33109A7-0DD1-47B8-86CD-87A6843450DA}.CD_ROM|x86.ActiveCfg = Test|Any CPU
		{A33109A7-0DD1-47B8-86CD-87A6843450DA}.Debug|Any CPU.ActiveCfg = Debug|Any CPU
		{A33109A7-0DD1-47B8-86CD-87A6843450DA}.Debug|Any CPU.Build.0 = Debug|Any CPU
		{A33109A7-0DD1-47B8-86CD-87A6843450DA}.Debug|ARM.ActiveCfg = Debug|Any CPU
		{A33109A7-0DD1-47B8-86CD-87A6843450DA}.Debug|x64.ActiveCfg = Debug|Any CPU
		{A33109A7-0DD1-47B8-86CD-87A6843450DA}.Debug|x86.ActiveCfg = Debug|Any CPU
		{A33109A7-0DD1-47B8-86CD-87A6843450DA}.DVD-5|Any CPU.ActiveCfg = Debug|Any CPU
		{A33109A7-0DD1-47B8-86CD-87A6843450DA}.DVD-5|Any CPU.Build.0 = Debug|Any CPU
		{A33109A7-0DD1-47B8-86CD-87A6843450DA}.DVD-5|ARM.ActiveCfg = Debug|Any CPU
		{A33109A7-0DD1-47B8-86CD-87A6843450DA}.DVD-5|x64.ActiveCfg = Debug|Any CPU
		{A33109A7-0DD1-47B8-86CD-87A6843450DA}.DVD-5|x86.ActiveCfg = Debug|Any CPU
		{A33109A7-0DD1-47B8-86CD-87A6843450DA}.Release|Any CPU.ActiveCfg = Release|Any CPU
		{A33109A7-0DD1-47B8-86CD-87A6843450DA}.Release|Any CPU.Build.0 = Release|Any CPU
		{A33109A7-0DD1-47B8-86CD-87A6843450DA}.Release|ARM.ActiveCfg = Release|Any CPU
		{A33109A7-0DD1-47B8-86CD-87A6843450DA}.Release|x64.ActiveCfg = Release|Any CPU
		{A33109A7-0DD1-47B8-86CD-87A6843450DA}.Release|x86.ActiveCfg = Release|Any CPU
		{A33109A7-0DD1-47B8-86CD-87A6843450DA}.SingleImage|Any CPU.ActiveCfg = Test|Any CPU
		{A33109A7-0DD1-47B8-86CD-87A6843450DA}.SingleImage|Any CPU.Build.0 = Test|Any CPU
		{A33109A7-0DD1-47B8-86CD-87A6843450DA}.SingleImage|ARM.ActiveCfg = Test|Any CPU
		{A33109A7-0DD1-47B8-86CD-87A6843450DA}.SingleImage|x64.ActiveCfg = Test|Any CPU
		{A33109A7-0DD1-47B8-86CD-87A6843450DA}.SingleImage|x86.ActiveCfg = Test|Any CPU
		{A33109A7-0DD1-47B8-86CD-87A6843450DA}.Test|Any CPU.ActiveCfg = Debug|Any CPU
		{A33109A7-0DD1-47B8-86CD-87A6843450DA}.Test|Any CPU.Build.0 = Debug|Any CPU
		{A33109A7-0DD1-47B8-86CD-87A6843450DA}.Test|ARM.ActiveCfg = Test|Any CPU
		{A33109A7-0DD1-47B8-86CD-87A6843450DA}.Test|x64.ActiveCfg = Test|Any CPU
		{A33109A7-0DD1-47B8-86CD-87A6843450DA}.Test|x86.ActiveCfg = Test|Any CPU
		{BD43C36A-2A9C-43B2-A901-CC466814958C}.CD_ROM|Any CPU.ActiveCfg = Test|Any CPU
		{BD43C36A-2A9C-43B2-A901-CC466814958C}.CD_ROM|Any CPU.Build.0 = Test|Any CPU
		{BD43C36A-2A9C-43B2-A901-CC466814958C}.CD_ROM|ARM.ActiveCfg = Test|Any CPU
		{BD43C36A-2A9C-43B2-A901-CC466814958C}.CD_ROM|x64.ActiveCfg = Test|Any CPU
		{BD43C36A-2A9C-43B2-A901-CC466814958C}.CD_ROM|x86.ActiveCfg = Test|Any CPU
		{BD43C36A-2A9C-43B2-A901-CC466814958C}.Debug|Any CPU.ActiveCfg = Debug|Any CPU
		{BD43C36A-2A9C-43B2-A901-CC466814958C}.Debug|Any CPU.Build.0 = Debug|Any CPU
		{BD43C36A-2A9C-43B2-A901-CC466814958C}.Debug|ARM.ActiveCfg = Debug|Any CPU
		{BD43C36A-2A9C-43B2-A901-CC466814958C}.Debug|x64.ActiveCfg = Debug|Any CPU
		{BD43C36A-2A9C-43B2-A901-CC466814958C}.Debug|x86.ActiveCfg = Debug|Any CPU
		{BD43C36A-2A9C-43B2-A901-CC466814958C}.DVD-5|Any CPU.ActiveCfg = Debug|Any CPU
		{BD43C36A-2A9C-43B2-A901-CC466814958C}.DVD-5|Any CPU.Build.0 = Debug|Any CPU
		{BD43C36A-2A9C-43B2-A901-CC466814958C}.DVD-5|ARM.ActiveCfg = Debug|Any CPU
		{BD43C36A-2A9C-43B2-A901-CC466814958C}.DVD-5|x64.ActiveCfg = Debug|Any CPU
		{BD43C36A-2A9C-43B2-A901-CC466814958C}.DVD-5|x86.ActiveCfg = Debug|Any CPU
		{BD43C36A-2A9C-43B2-A901-CC466814958C}.Release|Any CPU.ActiveCfg = Release|Any CPU
		{BD43C36A-2A9C-43B2-A901-CC466814958C}.Release|ARM.ActiveCfg = Release|Any CPU
		{BD43C36A-2A9C-43B2-A901-CC466814958C}.Release|x64.ActiveCfg = Release|Any CPU
		{BD43C36A-2A9C-43B2-A901-CC466814958C}.Release|x86.ActiveCfg = Release|Any CPU
		{BD43C36A-2A9C-43B2-A901-CC466814958C}.SingleImage|Any CPU.ActiveCfg = Test|Any CPU
		{BD43C36A-2A9C-43B2-A901-CC466814958C}.SingleImage|Any CPU.Build.0 = Test|Any CPU
		{BD43C36A-2A9C-43B2-A901-CC466814958C}.SingleImage|ARM.ActiveCfg = Test|Any CPU
		{BD43C36A-2A9C-43B2-A901-CC466814958C}.SingleImage|x64.ActiveCfg = Test|Any CPU
		{BD43C36A-2A9C-43B2-A901-CC466814958C}.SingleImage|x86.ActiveCfg = Test|Any CPU
		{BD43C36A-2A9C-43B2-A901-CC466814958C}.Test|Any CPU.ActiveCfg = Debug|Any CPU
		{BD43C36A-2A9C-43B2-A901-CC466814958C}.Test|Any CPU.Build.0 = Debug|Any CPU
		{BD43C36A-2A9C-43B2-A901-CC466814958C}.Test|ARM.ActiveCfg = Test|Any CPU
		{BD43C36A-2A9C-43B2-A901-CC466814958C}.Test|x64.ActiveCfg = Test|Any CPU
		{BD43C36A-2A9C-43B2-A901-CC466814958C}.Test|x86.ActiveCfg = Test|Any CPU
		{37B21CCC-4CE9-4C1D-9B9A-5F0580B195D3}.CD_ROM|Any CPU.ActiveCfg = Test|Any CPU
		{37B21CCC-4CE9-4C1D-9B9A-5F0580B195D3}.CD_ROM|Any CPU.Build.0 = Test|Any CPU
		{37B21CCC-4CE9-4C1D-9B9A-5F0580B195D3}.CD_ROM|ARM.ActiveCfg = Test|Any CPU
		{37B21CCC-4CE9-4C1D-9B9A-5F0580B195D3}.CD_ROM|x64.ActiveCfg = Test|Any CPU
		{37B21CCC-4CE9-4C1D-9B9A-5F0580B195D3}.CD_ROM|x86.ActiveCfg = Test|Any CPU
		{37B21CCC-4CE9-4C1D-9B9A-5F0580B195D3}.Debug|Any CPU.ActiveCfg = Debug|Any CPU
		{37B21CCC-4CE9-4C1D-9B9A-5F0580B195D3}.Debug|Any CPU.Build.0 = Debug|Any CPU
		{37B21CCC-4CE9-4C1D-9B9A-5F0580B195D3}.Debug|ARM.ActiveCfg = Debug|Any CPU
		{37B21CCC-4CE9-4C1D-9B9A-5F0580B195D3}.Debug|x64.ActiveCfg = Debug|Any CPU
		{37B21CCC-4CE9-4C1D-9B9A-5F0580B195D3}.Debug|x86.ActiveCfg = Debug|Any CPU
		{37B21CCC-4CE9-4C1D-9B9A-5F0580B195D3}.DVD-5|Any CPU.ActiveCfg = Debug|Any CPU
		{37B21CCC-4CE9-4C1D-9B9A-5F0580B195D3}.DVD-5|Any CPU.Build.0 = Debug|Any CPU
		{37B21CCC-4CE9-4C1D-9B9A-5F0580B195D3}.DVD-5|ARM.ActiveCfg = Debug|Any CPU
		{37B21CCC-4CE9-4C1D-9B9A-5F0580B195D3}.DVD-5|x64.ActiveCfg = Debug|Any CPU
		{37B21CCC-4CE9-4C1D-9B9A-5F0580B195D3}.DVD-5|x86.ActiveCfg = Debug|Any CPU
		{37B21CCC-4CE9-4C1D-9B9A-5F0580B195D3}.Release|Any CPU.ActiveCfg = Release|Any CPU
		{37B21CCC-4CE9-4C1D-9B9A-5F0580B195D3}.Release|Any CPU.Build.0 = Release|Any CPU
		{37B21CCC-4CE9-4C1D-9B9A-5F0580B195D3}.Release|ARM.ActiveCfg = Release|Any CPU
		{37B21CCC-4CE9-4C1D-9B9A-5F0580B195D3}.Release|x64.ActiveCfg = Release|Any CPU
		{37B21CCC-4CE9-4C1D-9B9A-5F0580B195D3}.Release|x86.ActiveCfg = Release|Any CPU
		{37B21CCC-4CE9-4C1D-9B9A-5F0580B195D3}.SingleImage|Any CPU.ActiveCfg = Test|Any CPU
		{37B21CCC-4CE9-4C1D-9B9A-5F0580B195D3}.SingleImage|Any CPU.Build.0 = Test|Any CPU
		{37B21CCC-4CE9-4C1D-9B9A-5F0580B195D3}.SingleImage|ARM.ActiveCfg = Test|Any CPU
		{37B21CCC-4CE9-4C1D-9B9A-5F0580B195D3}.SingleImage|x64.ActiveCfg = Test|Any CPU
		{37B21CCC-4CE9-4C1D-9B9A-5F0580B195D3}.SingleImage|x86.ActiveCfg = Test|Any CPU
		{37B21CCC-4CE9-4C1D-9B9A-5F0580B195D3}.Test|Any CPU.ActiveCfg = Debug|Any CPU
		{37B21CCC-4CE9-4C1D-9B9A-5F0580B195D3}.Test|Any CPU.Build.0 = Debug|Any CPU
		{37B21CCC-4CE9-4C1D-9B9A-5F0580B195D3}.Test|ARM.ActiveCfg = Test|Any CPU
		{37B21CCC-4CE9-4C1D-9B9A-5F0580B195D3}.Test|x64.ActiveCfg = Test|Any CPU
		{37B21CCC-4CE9-4C1D-9B9A-5F0580B195D3}.Test|x86.ActiveCfg = Test|Any CPU
		{7E4B88D5-2998-429C-9220-93E1041A0B7F}.CD_ROM|Any CPU.ActiveCfg = Test|Any CPU
		{7E4B88D5-2998-429C-9220-93E1041A0B7F}.CD_ROM|Any CPU.Build.0 = Test|Any CPU
		{7E4B88D5-2998-429C-9220-93E1041A0B7F}.CD_ROM|ARM.ActiveCfg = Test|Any CPU
		{7E4B88D5-2998-429C-9220-93E1041A0B7F}.CD_ROM|x64.ActiveCfg = Test|Any CPU
		{7E4B88D5-2998-429C-9220-93E1041A0B7F}.CD_ROM|x86.ActiveCfg = Test|Any CPU
		{7E4B88D5-2998-429C-9220-93E1041A0B7F}.Debug|Any CPU.ActiveCfg = Debug|Any CPU
		{7E4B88D5-2998-429C-9220-93E1041A0B7F}.Debug|Any CPU.Build.0 = Debug|Any CPU
		{7E4B88D5-2998-429C-9220-93E1041A0B7F}.Debug|ARM.ActiveCfg = Debug|Any CPU
		{7E4B88D5-2998-429C-9220-93E1041A0B7F}.Debug|x64.ActiveCfg = Debug|Any CPU
		{7E4B88D5-2998-429C-9220-93E1041A0B7F}.Debug|x86.ActiveCfg = Debug|Any CPU
		{7E4B88D5-2998-429C-9220-93E1041A0B7F}.DVD-5|Any CPU.ActiveCfg = Debug|Any CPU
		{7E4B88D5-2998-429C-9220-93E1041A0B7F}.DVD-5|Any CPU.Build.0 = Debug|Any CPU
		{7E4B88D5-2998-429C-9220-93E1041A0B7F}.DVD-5|ARM.ActiveCfg = Debug|Any CPU
		{7E4B88D5-2998-429C-9220-93E1041A0B7F}.DVD-5|x64.ActiveCfg = Debug|Any CPU
		{7E4B88D5-2998-429C-9220-93E1041A0B7F}.DVD-5|x86.ActiveCfg = Debug|Any CPU
		{7E4B88D5-2998-429C-9220-93E1041A0B7F}.Release|Any CPU.ActiveCfg = Release|Any CPU
		{7E4B88D5-2998-429C-9220-93E1041A0B7F}.Release|Any CPU.Build.0 = Release|Any CPU
		{7E4B88D5-2998-429C-9220-93E1041A0B7F}.Release|ARM.ActiveCfg = Release|Any CPU
		{7E4B88D5-2998-429C-9220-93E1041A0B7F}.Release|x64.ActiveCfg = Release|Any CPU
		{7E4B88D5-2998-429C-9220-93E1041A0B7F}.Release|x86.ActiveCfg = Release|Any CPU
		{7E4B88D5-2998-429C-9220-93E1041A0B7F}.SingleImage|Any CPU.ActiveCfg = Test|Any CPU
		{7E4B88D5-2998-429C-9220-93E1041A0B7F}.SingleImage|Any CPU.Build.0 = Test|Any CPU
		{7E4B88D5-2998-429C-9220-93E1041A0B7F}.SingleImage|ARM.ActiveCfg = Test|Any CPU
		{7E4B88D5-2998-429C-9220-93E1041A0B7F}.SingleImage|x64.ActiveCfg = Test|Any CPU
		{7E4B88D5-2998-429C-9220-93E1041A0B7F}.SingleImage|x86.ActiveCfg = Test|Any CPU
		{7E4B88D5-2998-429C-9220-93E1041A0B7F}.Test|Any CPU.ActiveCfg = Debug|Any CPU
		{7E4B88D5-2998-429C-9220-93E1041A0B7F}.Test|Any CPU.Build.0 = Debug|Any CPU
		{7E4B88D5-2998-429C-9220-93E1041A0B7F}.Test|ARM.ActiveCfg = Test|Any CPU
		{7E4B88D5-2998-429C-9220-93E1041A0B7F}.Test|x64.ActiveCfg = Test|Any CPU
		{7E4B88D5-2998-429C-9220-93E1041A0B7F}.Test|x86.ActiveCfg = Test|Any CPU
		{6B62D5E3-C09D-4DF1-9E31-911A983B31BB}.CD_ROM|Any CPU.ActiveCfg = Test|Any CPU
		{6B62D5E3-C09D-4DF1-9E31-911A983B31BB}.CD_ROM|Any CPU.Build.0 = Test|Any CPU
		{6B62D5E3-C09D-4DF1-9E31-911A983B31BB}.CD_ROM|ARM.ActiveCfg = Test|Any CPU
		{6B62D5E3-C09D-4DF1-9E31-911A983B31BB}.CD_ROM|x64.ActiveCfg = Test|Any CPU
		{6B62D5E3-C09D-4DF1-9E31-911A983B31BB}.CD_ROM|x86.ActiveCfg = Test|Any CPU
		{6B62D5E3-C09D-4DF1-9E31-911A983B31BB}.Debug|Any CPU.ActiveCfg = Debug|Any CPU
		{6B62D5E3-C09D-4DF1-9E31-911A983B31BB}.Debug|Any CPU.Build.0 = Debug|Any CPU
		{6B62D5E3-C09D-4DF1-9E31-911A983B31BB}.Debug|ARM.ActiveCfg = Debug|Any CPU
		{6B62D5E3-C09D-4DF1-9E31-911A983B31BB}.Debug|x64.ActiveCfg = Debug|Any CPU
		{6B62D5E3-C09D-4DF1-9E31-911A983B31BB}.Debug|x86.ActiveCfg = Debug|Any CPU
		{6B62D5E3-C09D-4DF1-9E31-911A983B31BB}.DVD-5|Any CPU.ActiveCfg = Debug|Any CPU
		{6B62D5E3-C09D-4DF1-9E31-911A983B31BB}.DVD-5|Any CPU.Build.0 = Debug|Any CPU
		{6B62D5E3-C09D-4DF1-9E31-911A983B31BB}.DVD-5|ARM.ActiveCfg = Debug|Any CPU
		{6B62D5E3-C09D-4DF1-9E31-911A983B31BB}.DVD-5|x64.ActiveCfg = Debug|Any CPU
		{6B62D5E3-C09D-4DF1-9E31-911A983B31BB}.DVD-5|x86.ActiveCfg = Debug|Any CPU
		{6B62D5E3-C09D-4DF1-9E31-911A983B31BB}.Release|Any CPU.ActiveCfg = Release|Any CPU
		{6B62D5E3-C09D-4DF1-9E31-911A983B31BB}.Release|ARM.ActiveCfg = Release|Any CPU
		{6B62D5E3-C09D-4DF1-9E31-911A983B31BB}.Release|x64.ActiveCfg = Release|Any CPU
		{6B62D5E3-C09D-4DF1-9E31-911A983B31BB}.Release|x86.ActiveCfg = Release|Any CPU
		{6B62D5E3-C09D-4DF1-9E31-911A983B31BB}.SingleImage|Any CPU.ActiveCfg = Test|Any CPU
		{6B62D5E3-C09D-4DF1-9E31-911A983B31BB}.SingleImage|Any CPU.Build.0 = Test|Any CPU
		{6B62D5E3-C09D-4DF1-9E31-911A983B31BB}.SingleImage|ARM.ActiveCfg = Test|Any CPU
		{6B62D5E3-C09D-4DF1-9E31-911A983B31BB}.SingleImage|x64.ActiveCfg = Test|Any CPU
		{6B62D5E3-C09D-4DF1-9E31-911A983B31BB}.SingleImage|x86.ActiveCfg = Test|Any CPU
		{6B62D5E3-C09D-4DF1-9E31-911A983B31BB}.Test|Any CPU.ActiveCfg = Debug|Any CPU
		{6B62D5E3-C09D-4DF1-9E31-911A983B31BB}.Test|Any CPU.Build.0 = Debug|Any CPU
		{6B62D5E3-C09D-4DF1-9E31-911A983B31BB}.Test|ARM.ActiveCfg = Test|Any CPU
		{6B62D5E3-C09D-4DF1-9E31-911A983B31BB}.Test|x64.ActiveCfg = Test|Any CPU
		{6B62D5E3-C09D-4DF1-9E31-911A983B31BB}.Test|x86.ActiveCfg = Test|Any CPU
		{113D70D0-9404-485D-ADA7-5BB7229DA80B}.CD_ROM|Any CPU.ActiveCfg = Release|Any CPU
		{113D70D0-9404-485D-ADA7-5BB7229DA80B}.CD_ROM|Any CPU.Build.0 = Release|Any CPU
		{113D70D0-9404-485D-ADA7-5BB7229DA80B}.CD_ROM|ARM.ActiveCfg = Release|Any CPU
		{113D70D0-9404-485D-ADA7-5BB7229DA80B}.CD_ROM|x64.ActiveCfg = Release|Any CPU
		{113D70D0-9404-485D-ADA7-5BB7229DA80B}.CD_ROM|x86.ActiveCfg = Release|Any CPU
		{113D70D0-9404-485D-ADA7-5BB7229DA80B}.Debug|Any CPU.ActiveCfg = Debug|Any CPU
		{113D70D0-9404-485D-ADA7-5BB7229DA80B}.Debug|Any CPU.Build.0 = Debug|Any CPU
		{113D70D0-9404-485D-ADA7-5BB7229DA80B}.Debug|ARM.ActiveCfg = Debug|Any CPU
		{113D70D0-9404-485D-ADA7-5BB7229DA80B}.Debug|x64.ActiveCfg = Debug|Any CPU
		{113D70D0-9404-485D-ADA7-5BB7229DA80B}.Debug|x86.ActiveCfg = Debug|Any CPU
		{113D70D0-9404-485D-ADA7-5BB7229DA80B}.DVD-5|Any CPU.ActiveCfg = Debug|Any CPU
		{113D70D0-9404-485D-ADA7-5BB7229DA80B}.DVD-5|Any CPU.Build.0 = Debug|Any CPU
		{113D70D0-9404-485D-ADA7-5BB7229DA80B}.DVD-5|ARM.ActiveCfg = Debug|Any CPU
		{113D70D0-9404-485D-ADA7-5BB7229DA80B}.DVD-5|x64.ActiveCfg = Debug|Any CPU
		{113D70D0-9404-485D-ADA7-5BB7229DA80B}.DVD-5|x86.ActiveCfg = Debug|Any CPU
		{113D70D0-9404-485D-ADA7-5BB7229DA80B}.Release|Any CPU.ActiveCfg = Release|Any CPU
		{113D70D0-9404-485D-ADA7-5BB7229DA80B}.Release|Any CPU.Build.0 = Release|Any CPU
		{113D70D0-9404-485D-ADA7-5BB7229DA80B}.Release|ARM.ActiveCfg = Release|Any CPU
		{113D70D0-9404-485D-ADA7-5BB7229DA80B}.Release|x64.ActiveCfg = Release|Any CPU
		{113D70D0-9404-485D-ADA7-5BB7229DA80B}.Release|x86.ActiveCfg = Release|Any CPU
		{113D70D0-9404-485D-ADA7-5BB7229DA80B}.SingleImage|Any CPU.ActiveCfg = Release|Any CPU
		{113D70D0-9404-485D-ADA7-5BB7229DA80B}.SingleImage|Any CPU.Build.0 = Release|Any CPU
		{113D70D0-9404-485D-ADA7-5BB7229DA80B}.SingleImage|ARM.ActiveCfg = Release|Any CPU
		{113D70D0-9404-485D-ADA7-5BB7229DA80B}.SingleImage|x64.ActiveCfg = Release|Any CPU
		{113D70D0-9404-485D-ADA7-5BB7229DA80B}.SingleImage|x86.ActiveCfg = Release|Any CPU
		{113D70D0-9404-485D-ADA7-5BB7229DA80B}.Test|Any CPU.ActiveCfg = Debug|Any CPU
		{113D70D0-9404-485D-ADA7-5BB7229DA80B}.Test|Any CPU.Build.0 = Debug|Any CPU
		{113D70D0-9404-485D-ADA7-5BB7229DA80B}.Test|ARM.ActiveCfg = Release|Any CPU
		{113D70D0-9404-485D-ADA7-5BB7229DA80B}.Test|x64.ActiveCfg = Release|Any CPU
		{113D70D0-9404-485D-ADA7-5BB7229DA80B}.Test|x86.ActiveCfg = Release|Any CPU
		{4E754863-A057-4F68-B7EE-465769BA06A9}.CD_ROM|Any CPU.ActiveCfg = Release|Any CPU
		{4E754863-A057-4F68-B7EE-465769BA06A9}.CD_ROM|Any CPU.Build.0 = Release|Any CPU
		{4E754863-A057-4F68-B7EE-465769BA06A9}.CD_ROM|ARM.ActiveCfg = Release|Any CPU
		{4E754863-A057-4F68-B7EE-465769BA06A9}.CD_ROM|x64.ActiveCfg = Release|Any CPU
		{4E754863-A057-4F68-B7EE-465769BA06A9}.CD_ROM|x86.ActiveCfg = Release|Any CPU
		{4E754863-A057-4F68-B7EE-465769BA06A9}.Debug|Any CPU.ActiveCfg = Debug|Any CPU
		{4E754863-A057-4F68-B7EE-465769BA06A9}.Debug|Any CPU.Build.0 = Debug|Any CPU
		{4E754863-A057-4F68-B7EE-465769BA06A9}.Debug|ARM.ActiveCfg = Debug|Any CPU
		{4E754863-A057-4F68-B7EE-465769BA06A9}.Debug|x64.ActiveCfg = Debug|Any CPU
		{4E754863-A057-4F68-B7EE-465769BA06A9}.Debug|x86.ActiveCfg = Debug|Any CPU
		{4E754863-A057-4F68-B7EE-465769BA06A9}.DVD-5|Any CPU.ActiveCfg = Debug|Any CPU
		{4E754863-A057-4F68-B7EE-465769BA06A9}.DVD-5|Any CPU.Build.0 = Debug|Any CPU
		{4E754863-A057-4F68-B7EE-465769BA06A9}.DVD-5|ARM.ActiveCfg = Debug|Any CPU
		{4E754863-A057-4F68-B7EE-465769BA06A9}.DVD-5|x64.ActiveCfg = Debug|Any CPU
		{4E754863-A057-4F68-B7EE-465769BA06A9}.DVD-5|x86.ActiveCfg = Debug|Any CPU
		{4E754863-A057-4F68-B7EE-465769BA06A9}.Release|Any CPU.ActiveCfg = Release|Any CPU
		{4E754863-A057-4F68-B7EE-465769BA06A9}.Release|ARM.ActiveCfg = Release|Any CPU
		{4E754863-A057-4F68-B7EE-465769BA06A9}.Release|x64.ActiveCfg = Release|Any CPU
		{4E754863-A057-4F68-B7EE-465769BA06A9}.Release|x86.ActiveCfg = Release|Any CPU
		{4E754863-A057-4F68-B7EE-465769BA06A9}.SingleImage|Any CPU.ActiveCfg = Release|Any CPU
		{4E754863-A057-4F68-B7EE-465769BA06A9}.SingleImage|Any CPU.Build.0 = Release|Any CPU
		{4E754863-A057-4F68-B7EE-465769BA06A9}.SingleImage|ARM.ActiveCfg = Release|Any CPU
		{4E754863-A057-4F68-B7EE-465769BA06A9}.SingleImage|x64.ActiveCfg = Release|Any CPU
		{4E754863-A057-4F68-B7EE-465769BA06A9}.SingleImage|x86.ActiveCfg = Release|Any CPU
		{4E754863-A057-4F68-B7EE-465769BA06A9}.Test|Any CPU.ActiveCfg = Debug|Any CPU
		{4E754863-A057-4F68-B7EE-465769BA06A9}.Test|Any CPU.Build.0 = Debug|Any CPU
		{4E754863-A057-4F68-B7EE-465769BA06A9}.Test|ARM.ActiveCfg = Release|Any CPU
		{4E754863-A057-4F68-B7EE-465769BA06A9}.Test|x64.ActiveCfg = Release|Any CPU
		{4E754863-A057-4F68-B7EE-465769BA06A9}.Test|x86.ActiveCfg = Release|Any CPU
		{201B5CAE-8F0D-4140-AD00-964BD9F2121D}.CD_ROM|Any CPU.ActiveCfg = CD_ROM
		{201B5CAE-8F0D-4140-AD00-964BD9F2121D}.CD_ROM|Any CPU.Build.0 = CD_ROM
		{201B5CAE-8F0D-4140-AD00-964BD9F2121D}.CD_ROM|ARM.ActiveCfg = CD_ROM
		{201B5CAE-8F0D-4140-AD00-964BD9F2121D}.CD_ROM|ARM.Build.0 = CD_ROM
		{201B5CAE-8F0D-4140-AD00-964BD9F2121D}.CD_ROM|x64.ActiveCfg = CD_ROM
		{201B5CAE-8F0D-4140-AD00-964BD9F2121D}.CD_ROM|x64.Build.0 = CD_ROM
		{201B5CAE-8F0D-4140-AD00-964BD9F2121D}.CD_ROM|x86.ActiveCfg = CD_ROM
		{201B5CAE-8F0D-4140-AD00-964BD9F2121D}.CD_ROM|x86.Build.0 = CD_ROM
		{201B5CAE-8F0D-4140-AD00-964BD9F2121D}.Debug|Any CPU.ActiveCfg = SingleImage
		{201B5CAE-8F0D-4140-AD00-964BD9F2121D}.Debug|ARM.ActiveCfg = DVD-5
		{201B5CAE-8F0D-4140-AD00-964BD9F2121D}.Debug|ARM.Build.0 = DVD-5
		{201B5CAE-8F0D-4140-AD00-964BD9F2121D}.Debug|x64.ActiveCfg = DVD-5
		{201B5CAE-8F0D-4140-AD00-964BD9F2121D}.Debug|x64.Build.0 = DVD-5
		{201B5CAE-8F0D-4140-AD00-964BD9F2121D}.Debug|x86.ActiveCfg = DVD-5
		{201B5CAE-8F0D-4140-AD00-964BD9F2121D}.Debug|x86.Build.0 = DVD-5
		{201B5CAE-8F0D-4140-AD00-964BD9F2121D}.DVD-5|Any CPU.ActiveCfg = DVD-5
		{201B5CAE-8F0D-4140-AD00-964BD9F2121D}.DVD-5|Any CPU.Build.0 = DVD-5
		{201B5CAE-8F0D-4140-AD00-964BD9F2121D}.DVD-5|ARM.ActiveCfg = DVD-5
		{201B5CAE-8F0D-4140-AD00-964BD9F2121D}.DVD-5|ARM.Build.0 = DVD-5
		{201B5CAE-8F0D-4140-AD00-964BD9F2121D}.DVD-5|x64.ActiveCfg = DVD-5
		{201B5CAE-8F0D-4140-AD00-964BD9F2121D}.DVD-5|x64.Build.0 = DVD-5
		{201B5CAE-8F0D-4140-AD00-964BD9F2121D}.DVD-5|x86.ActiveCfg = DVD-5
		{201B5CAE-8F0D-4140-AD00-964BD9F2121D}.DVD-5|x86.Build.0 = DVD-5
		{201B5CAE-8F0D-4140-AD00-964BD9F2121D}.Release|Any CPU.ActiveCfg = SingleImage
		{201B5CAE-8F0D-4140-AD00-964BD9F2121D}.Release|Any CPU.Build.0 = SingleImage
		{201B5CAE-8F0D-4140-AD00-964BD9F2121D}.Release|ARM.ActiveCfg = SingleImage
		{201B5CAE-8F0D-4140-AD00-964BD9F2121D}.Release|ARM.Build.0 = SingleImage
		{201B5CAE-8F0D-4140-AD00-964BD9F2121D}.Release|x64.ActiveCfg = SingleImage
		{201B5CAE-8F0D-4140-AD00-964BD9F2121D}.Release|x64.Build.0 = SingleImage
		{201B5CAE-8F0D-4140-AD00-964BD9F2121D}.Release|x86.ActiveCfg = SingleImage
		{201B5CAE-8F0D-4140-AD00-964BD9F2121D}.Release|x86.Build.0 = SingleImage
		{201B5CAE-8F0D-4140-AD00-964BD9F2121D}.SingleImage|Any CPU.ActiveCfg = SingleImage
		{201B5CAE-8F0D-4140-AD00-964BD9F2121D}.SingleImage|Any CPU.Build.0 = SingleImage
		{201B5CAE-8F0D-4140-AD00-964BD9F2121D}.SingleImage|ARM.ActiveCfg = SingleImage
		{201B5CAE-8F0D-4140-AD00-964BD9F2121D}.SingleImage|ARM.Build.0 = SingleImage
		{201B5CAE-8F0D-4140-AD00-964BD9F2121D}.SingleImage|x64.ActiveCfg = SingleImage
		{201B5CAE-8F0D-4140-AD00-964BD9F2121D}.SingleImage|x64.Build.0 = SingleImage
		{201B5CAE-8F0D-4140-AD00-964BD9F2121D}.SingleImage|x86.ActiveCfg = SingleImage
		{201B5CAE-8F0D-4140-AD00-964BD9F2121D}.SingleImage|x86.Build.0 = SingleImage
		{201B5CAE-8F0D-4140-AD00-964BD9F2121D}.Test|Any CPU.ActiveCfg = SingleImage
		{201B5CAE-8F0D-4140-AD00-964BD9F2121D}.Test|Any CPU.Build.0 = SingleImage
		{201B5CAE-8F0D-4140-AD00-964BD9F2121D}.Test|ARM.ActiveCfg = SingleImage
		{201B5CAE-8F0D-4140-AD00-964BD9F2121D}.Test|ARM.Build.0 = SingleImage
		{201B5CAE-8F0D-4140-AD00-964BD9F2121D}.Test|x64.ActiveCfg = SingleImage
		{201B5CAE-8F0D-4140-AD00-964BD9F2121D}.Test|x64.Build.0 = SingleImage
		{201B5CAE-8F0D-4140-AD00-964BD9F2121D}.Test|x86.ActiveCfg = SingleImage
		{201B5CAE-8F0D-4140-AD00-964BD9F2121D}.Test|x86.Build.0 = SingleImage
		{0E0C8934-672E-4F61-8601-374B34814F92}.CD_ROM|Any CPU.ActiveCfg = Release|Any CPU
		{0E0C8934-672E-4F61-8601-374B34814F92}.CD_ROM|Any CPU.Build.0 = Release|Any CPU
		{0E0C8934-672E-4F61-8601-374B34814F92}.CD_ROM|ARM.ActiveCfg = Release|Any CPU
		{0E0C8934-672E-4F61-8601-374B34814F92}.CD_ROM|ARM.Build.0 = Release|Any CPU
		{0E0C8934-672E-4F61-8601-374B34814F92}.CD_ROM|x64.ActiveCfg = Release|Any CPU
		{0E0C8934-672E-4F61-8601-374B34814F92}.CD_ROM|x64.Build.0 = Release|Any CPU
		{0E0C8934-672E-4F61-8601-374B34814F92}.CD_ROM|x86.ActiveCfg = Release|Any CPU
		{0E0C8934-672E-4F61-8601-374B34814F92}.CD_ROM|x86.Build.0 = Release|Any CPU
		{0E0C8934-672E-4F61-8601-374B34814F92}.Debug|Any CPU.ActiveCfg = Debug|Any CPU
		{0E0C8934-672E-4F61-8601-374B34814F92}.Debug|Any CPU.Build.0 = Debug|Any CPU
		{0E0C8934-672E-4F61-8601-374B34814F92}.Debug|ARM.ActiveCfg = Debug|Any CPU
		{0E0C8934-672E-4F61-8601-374B34814F92}.Debug|ARM.Build.0 = Debug|Any CPU
		{0E0C8934-672E-4F61-8601-374B34814F92}.Debug|x64.ActiveCfg = Debug|Any CPU
		{0E0C8934-672E-4F61-8601-374B34814F92}.Debug|x64.Build.0 = Debug|Any CPU
		{0E0C8934-672E-4F61-8601-374B34814F92}.Debug|x86.ActiveCfg = Debug|Any CPU
		{0E0C8934-672E-4F61-8601-374B34814F92}.Debug|x86.Build.0 = Debug|Any CPU
		{0E0C8934-672E-4F61-8601-374B34814F92}.DVD-5|Any CPU.ActiveCfg = Debug|Any CPU
		{0E0C8934-672E-4F61-8601-374B34814F92}.DVD-5|Any CPU.Build.0 = Debug|Any CPU
		{0E0C8934-672E-4F61-8601-374B34814F92}.DVD-5|ARM.ActiveCfg = Debug|Any CPU
		{0E0C8934-672E-4F61-8601-374B34814F92}.DVD-5|ARM.Build.0 = Debug|Any CPU
		{0E0C8934-672E-4F61-8601-374B34814F92}.DVD-5|x64.ActiveCfg = Debug|Any CPU
		{0E0C8934-672E-4F61-8601-374B34814F92}.DVD-5|x64.Build.0 = Debug|Any CPU
		{0E0C8934-672E-4F61-8601-374B34814F92}.DVD-5|x86.ActiveCfg = Debug|Any CPU
		{0E0C8934-672E-4F61-8601-374B34814F92}.DVD-5|x86.Build.0 = Debug|Any CPU
		{0E0C8934-672E-4F61-8601-374B34814F92}.Release|Any CPU.ActiveCfg = Release|Any CPU
		{0E0C8934-672E-4F61-8601-374B34814F92}.Release|Any CPU.Build.0 = Release|Any CPU
		{0E0C8934-672E-4F61-8601-374B34814F92}.Release|ARM.ActiveCfg = Release|Any CPU
		{0E0C8934-672E-4F61-8601-374B34814F92}.Release|ARM.Build.0 = Release|Any CPU
		{0E0C8934-672E-4F61-8601-374B34814F92}.Release|x64.ActiveCfg = Release|Any CPU
		{0E0C8934-672E-4F61-8601-374B34814F92}.Release|x64.Build.0 = Release|Any CPU
		{0E0C8934-672E-4F61-8601-374B34814F92}.Release|x86.ActiveCfg = Release|Any CPU
		{0E0C8934-672E-4F61-8601-374B34814F92}.Release|x86.Build.0 = Release|Any CPU
		{0E0C8934-672E-4F61-8601-374B34814F92}.SingleImage|Any CPU.ActiveCfg = Release|Any CPU
		{0E0C8934-672E-4F61-8601-374B34814F92}.SingleImage|Any CPU.Build.0 = Release|Any CPU
		{0E0C8934-672E-4F61-8601-374B34814F92}.SingleImage|ARM.ActiveCfg = Release|Any CPU
		{0E0C8934-672E-4F61-8601-374B34814F92}.SingleImage|ARM.Build.0 = Release|Any CPU
		{0E0C8934-672E-4F61-8601-374B34814F92}.SingleImage|x64.ActiveCfg = Release|Any CPU
		{0E0C8934-672E-4F61-8601-374B34814F92}.SingleImage|x64.Build.0 = Release|Any CPU
		{0E0C8934-672E-4F61-8601-374B34814F92}.SingleImage|x86.ActiveCfg = Release|Any CPU
		{0E0C8934-672E-4F61-8601-374B34814F92}.SingleImage|x86.Build.0 = Release|Any CPU
		{0E0C8934-672E-4F61-8601-374B34814F92}.Test|Any CPU.ActiveCfg = Release|Any CPU
		{0E0C8934-672E-4F61-8601-374B34814F92}.Test|Any CPU.Build.0 = Release|Any CPU
		{0E0C8934-672E-4F61-8601-374B34814F92}.Test|ARM.ActiveCfg = Release|Any CPU
		{0E0C8934-672E-4F61-8601-374B34814F92}.Test|ARM.Build.0 = Release|Any CPU
		{0E0C8934-672E-4F61-8601-374B34814F92}.Test|x64.ActiveCfg = Release|Any CPU
		{0E0C8934-672E-4F61-8601-374B34814F92}.Test|x64.Build.0 = Release|Any CPU
		{0E0C8934-672E-4F61-8601-374B34814F92}.Test|x86.ActiveCfg = Release|Any CPU
		{0E0C8934-672E-4F61-8601-374B34814F92}.Test|x86.Build.0 = Release|Any CPU
		{EF83B71D-64C5-41FF-9404-7A0103483942}.CD_ROM|Any CPU.ActiveCfg = Release|x64
		{EF83B71D-64C5-41FF-9404-7A0103483942}.CD_ROM|Any CPU.Build.0 = Release|x64
		{EF83B71D-64C5-41FF-9404-7A0103483942}.CD_ROM|Any CPU.Deploy.0 = Release|x64
		{EF83B71D-64C5-41FF-9404-7A0103483942}.CD_ROM|ARM.ActiveCfg = Release|ARM
		{EF83B71D-64C5-41FF-9404-7A0103483942}.CD_ROM|ARM.Build.0 = Release|ARM
		{EF83B71D-64C5-41FF-9404-7A0103483942}.CD_ROM|ARM.Deploy.0 = Release|ARM
		{EF83B71D-64C5-41FF-9404-7A0103483942}.CD_ROM|x64.ActiveCfg = Release|x64
		{EF83B71D-64C5-41FF-9404-7A0103483942}.CD_ROM|x64.Build.0 = Release|x64
		{EF83B71D-64C5-41FF-9404-7A0103483942}.CD_ROM|x64.Deploy.0 = Release|x64
		{EF83B71D-64C5-41FF-9404-7A0103483942}.CD_ROM|x86.ActiveCfg = Release|x86
		{EF83B71D-64C5-41FF-9404-7A0103483942}.CD_ROM|x86.Build.0 = Release|x86
		{EF83B71D-64C5-41FF-9404-7A0103483942}.CD_ROM|x86.Deploy.0 = Release|x86
		{EF83B71D-64C5-41FF-9404-7A0103483942}.Debug|Any CPU.ActiveCfg = Debug|x86
		{EF83B71D-64C5-41FF-9404-7A0103483942}.Debug|ARM.ActiveCfg = Debug|ARM
		{EF83B71D-64C5-41FF-9404-7A0103483942}.Debug|ARM.Build.0 = Debug|ARM
		{EF83B71D-64C5-41FF-9404-7A0103483942}.Debug|ARM.Deploy.0 = Debug|ARM
		{EF83B71D-64C5-41FF-9404-7A0103483942}.Debug|x64.ActiveCfg = Debug|x64
		{EF83B71D-64C5-41FF-9404-7A0103483942}.Debug|x64.Build.0 = Debug|x64
		{EF83B71D-64C5-41FF-9404-7A0103483942}.Debug|x64.Deploy.0 = Debug|x64
		{EF83B71D-64C5-41FF-9404-7A0103483942}.Debug|x86.ActiveCfg = Debug|x86
		{EF83B71D-64C5-41FF-9404-7A0103483942}.Debug|x86.Build.0 = Debug|x86
		{EF83B71D-64C5-41FF-9404-7A0103483942}.Debug|x86.Deploy.0 = Debug|x86
		{EF83B71D-64C5-41FF-9404-7A0103483942}.DVD-5|Any CPU.ActiveCfg = Release|x64
		{EF83B71D-64C5-41FF-9404-7A0103483942}.DVD-5|Any CPU.Build.0 = Release|x64
		{EF83B71D-64C5-41FF-9404-7A0103483942}.DVD-5|Any CPU.Deploy.0 = Release|x64
		{EF83B71D-64C5-41FF-9404-7A0103483942}.DVD-5|ARM.ActiveCfg = Debug|ARM
		{EF83B71D-64C5-41FF-9404-7A0103483942}.DVD-5|ARM.Build.0 = Debug|ARM
		{EF83B71D-64C5-41FF-9404-7A0103483942}.DVD-5|ARM.Deploy.0 = Debug|ARM
		{EF83B71D-64C5-41FF-9404-7A0103483942}.DVD-5|x64.ActiveCfg = Debug|x64
		{EF83B71D-64C5-41FF-9404-7A0103483942}.DVD-5|x64.Build.0 = Debug|x64
		{EF83B71D-64C5-41FF-9404-7A0103483942}.DVD-5|x64.Deploy.0 = Debug|x64
		{EF83B71D-64C5-41FF-9404-7A0103483942}.DVD-5|x86.ActiveCfg = Debug|x86
		{EF83B71D-64C5-41FF-9404-7A0103483942}.DVD-5|x86.Build.0 = Debug|x86
		{EF83B71D-64C5-41FF-9404-7A0103483942}.DVD-5|x86.Deploy.0 = Debug|x86
		{EF83B71D-64C5-41FF-9404-7A0103483942}.Release|Any CPU.ActiveCfg = Release|x86
		{EF83B71D-64C5-41FF-9404-7A0103483942}.Release|ARM.ActiveCfg = Release|ARM
		{EF83B71D-64C5-41FF-9404-7A0103483942}.Release|ARM.Build.0 = Release|ARM
		{EF83B71D-64C5-41FF-9404-7A0103483942}.Release|ARM.Deploy.0 = Release|ARM
		{EF83B71D-64C5-41FF-9404-7A0103483942}.Release|x64.ActiveCfg = Release|x64
		{EF83B71D-64C5-41FF-9404-7A0103483942}.Release|x64.Build.0 = Release|x64
		{EF83B71D-64C5-41FF-9404-7A0103483942}.Release|x64.Deploy.0 = Release|x64
		{EF83B71D-64C5-41FF-9404-7A0103483942}.Release|x86.ActiveCfg = Release|x86
		{EF83B71D-64C5-41FF-9404-7A0103483942}.Release|x86.Build.0 = Release|x86
		{EF83B71D-64C5-41FF-9404-7A0103483942}.Release|x86.Deploy.0 = Release|x86
		{EF83B71D-64C5-41FF-9404-7A0103483942}.SingleImage|Any CPU.ActiveCfg = Release|x64
		{EF83B71D-64C5-41FF-9404-7A0103483942}.SingleImage|Any CPU.Build.0 = Release|x64
		{EF83B71D-64C5-41FF-9404-7A0103483942}.SingleImage|Any CPU.Deploy.0 = Release|x64
		{EF83B71D-64C5-41FF-9404-7A0103483942}.SingleImage|ARM.ActiveCfg = Release|ARM
		{EF83B71D-64C5-41FF-9404-7A0103483942}.SingleImage|ARM.Build.0 = Release|ARM
		{EF83B71D-64C5-41FF-9404-7A0103483942}.SingleImage|ARM.Deploy.0 = Release|ARM
		{EF83B71D-64C5-41FF-9404-7A0103483942}.SingleImage|x64.ActiveCfg = Release|x64
		{EF83B71D-64C5-41FF-9404-7A0103483942}.SingleImage|x64.Build.0 = Release|x64
		{EF83B71D-64C5-41FF-9404-7A0103483942}.SingleImage|x64.Deploy.0 = Release|x64
		{EF83B71D-64C5-41FF-9404-7A0103483942}.SingleImage|x86.ActiveCfg = Release|x86
		{EF83B71D-64C5-41FF-9404-7A0103483942}.SingleImage|x86.Build.0 = Release|x86
		{EF83B71D-64C5-41FF-9404-7A0103483942}.SingleImage|x86.Deploy.0 = Release|x86
		{EF83B71D-64C5-41FF-9404-7A0103483942}.Test|Any CPU.ActiveCfg = Release|x64
		{EF83B71D-64C5-41FF-9404-7A0103483942}.Test|Any CPU.Build.0 = Release|x64
		{EF83B71D-64C5-41FF-9404-7A0103483942}.Test|Any CPU.Deploy.0 = Release|x64
		{EF83B71D-64C5-41FF-9404-7A0103483942}.Test|ARM.ActiveCfg = Release|ARM
		{EF83B71D-64C5-41FF-9404-7A0103483942}.Test|ARM.Build.0 = Release|ARM
		{EF83B71D-64C5-41FF-9404-7A0103483942}.Test|ARM.Deploy.0 = Release|ARM
		{EF83B71D-64C5-41FF-9404-7A0103483942}.Test|x64.ActiveCfg = Release|x64
		{EF83B71D-64C5-41FF-9404-7A0103483942}.Test|x64.Build.0 = Release|x64
		{EF83B71D-64C5-41FF-9404-7A0103483942}.Test|x64.Deploy.0 = Release|x64
		{EF83B71D-64C5-41FF-9404-7A0103483942}.Test|x86.ActiveCfg = Release|x86
		{EF83B71D-64C5-41FF-9404-7A0103483942}.Test|x86.Build.0 = Release|x86
		{EF83B71D-64C5-41FF-9404-7A0103483942}.Test|x86.Deploy.0 = Release|x86
		{44319233-9B54-4308-9638-904D3C2245EB}.CD_ROM|Any CPU.ActiveCfg = Release|Any CPU
		{44319233-9B54-4308-9638-904D3C2245EB}.CD_ROM|Any CPU.Build.0 = Release|Any CPU
		{44319233-9B54-4308-9638-904D3C2245EB}.CD_ROM|ARM.ActiveCfg = Release|Any CPU
		{44319233-9B54-4308-9638-904D3C2245EB}.CD_ROM|ARM.Build.0 = Release|Any CPU
		{44319233-9B54-4308-9638-904D3C2245EB}.CD_ROM|x64.ActiveCfg = Release|Any CPU
		{44319233-9B54-4308-9638-904D3C2245EB}.CD_ROM|x64.Build.0 = Release|Any CPU
		{44319233-9B54-4308-9638-904D3C2245EB}.CD_ROM|x86.ActiveCfg = Release|Any CPU
		{44319233-9B54-4308-9638-904D3C2245EB}.CD_ROM|x86.Build.0 = Release|Any CPU
		{44319233-9B54-4308-9638-904D3C2245EB}.Debug|Any CPU.ActiveCfg = Debug|Any CPU
		{44319233-9B54-4308-9638-904D3C2245EB}.Debug|Any CPU.Build.0 = Debug|Any CPU
		{44319233-9B54-4308-9638-904D3C2245EB}.Debug|ARM.ActiveCfg = Debug|Any CPU
		{44319233-9B54-4308-9638-904D3C2245EB}.Debug|ARM.Build.0 = Debug|Any CPU
		{44319233-9B54-4308-9638-904D3C2245EB}.Debug|x64.ActiveCfg = Debug|Any CPU
		{44319233-9B54-4308-9638-904D3C2245EB}.Debug|x64.Build.0 = Debug|Any CPU
		{44319233-9B54-4308-9638-904D3C2245EB}.Debug|x86.ActiveCfg = Debug|Any CPU
		{44319233-9B54-4308-9638-904D3C2245EB}.Debug|x86.Build.0 = Debug|Any CPU
		{44319233-9B54-4308-9638-904D3C2245EB}.DVD-5|Any CPU.ActiveCfg = Debug|Any CPU
		{44319233-9B54-4308-9638-904D3C2245EB}.DVD-5|Any CPU.Build.0 = Debug|Any CPU
		{44319233-9B54-4308-9638-904D3C2245EB}.DVD-5|ARM.ActiveCfg = Debug|Any CPU
		{44319233-9B54-4308-9638-904D3C2245EB}.DVD-5|ARM.Build.0 = Debug|Any CPU
		{44319233-9B54-4308-9638-904D3C2245EB}.DVD-5|x64.ActiveCfg = Debug|Any CPU
		{44319233-9B54-4308-9638-904D3C2245EB}.DVD-5|x64.Build.0 = Debug|Any CPU
		{44319233-9B54-4308-9638-904D3C2245EB}.DVD-5|x86.ActiveCfg = Debug|Any CPU
		{44319233-9B54-4308-9638-904D3C2245EB}.DVD-5|x86.Build.0 = Debug|Any CPU
		{44319233-9B54-4308-9638-904D3C2245EB}.Release|Any CPU.ActiveCfg = Release|Any CPU
		{44319233-9B54-4308-9638-904D3C2245EB}.Release|Any CPU.Build.0 = Release|Any CPU
		{44319233-9B54-4308-9638-904D3C2245EB}.Release|ARM.ActiveCfg = Release|Any CPU
		{44319233-9B54-4308-9638-904D3C2245EB}.Release|ARM.Build.0 = Release|Any CPU
		{44319233-9B54-4308-9638-904D3C2245EB}.Release|x64.ActiveCfg = Release|Any CPU
		{44319233-9B54-4308-9638-904D3C2245EB}.Release|x64.Build.0 = Release|Any CPU
		{44319233-9B54-4308-9638-904D3C2245EB}.Release|x86.ActiveCfg = Release|Any CPU
		{44319233-9B54-4308-9638-904D3C2245EB}.Release|x86.Build.0 = Release|Any CPU
		{44319233-9B54-4308-9638-904D3C2245EB}.SingleImage|Any CPU.ActiveCfg = Release|Any CPU
		{44319233-9B54-4308-9638-904D3C2245EB}.SingleImage|Any CPU.Build.0 = Release|Any CPU
		{44319233-9B54-4308-9638-904D3C2245EB}.SingleImage|ARM.ActiveCfg = Release|Any CPU
		{44319233-9B54-4308-9638-904D3C2245EB}.SingleImage|ARM.Build.0 = Release|Any CPU
		{44319233-9B54-4308-9638-904D3C2245EB}.SingleImage|x64.ActiveCfg = Release|Any CPU
		{44319233-9B54-4308-9638-904D3C2245EB}.SingleImage|x64.Build.0 = Release|Any CPU
		{44319233-9B54-4308-9638-904D3C2245EB}.SingleImage|x86.ActiveCfg = Release|Any CPU
		{44319233-9B54-4308-9638-904D3C2245EB}.SingleImage|x86.Build.0 = Release|Any CPU
		{44319233-9B54-4308-9638-904D3C2245EB}.Test|Any CPU.ActiveCfg = Release|Any CPU
		{44319233-9B54-4308-9638-904D3C2245EB}.Test|Any CPU.Build.0 = Release|Any CPU
		{44319233-9B54-4308-9638-904D3C2245EB}.Test|ARM.ActiveCfg = Release|Any CPU
		{44319233-9B54-4308-9638-904D3C2245EB}.Test|ARM.Build.0 = Release|Any CPU
		{44319233-9B54-4308-9638-904D3C2245EB}.Test|x64.ActiveCfg = Release|Any CPU
		{44319233-9B54-4308-9638-904D3C2245EB}.Test|x64.Build.0 = Release|Any CPU
		{44319233-9B54-4308-9638-904D3C2245EB}.Test|x86.ActiveCfg = Release|Any CPU
		{44319233-9B54-4308-9638-904D3C2245EB}.Test|x86.Build.0 = Release|Any CPU
		{E7CDA5AC-077F-4181-898D-A2B467AF6A32}.CD_ROM|Any CPU.ActiveCfg = Release|Any CPU
		{E7CDA5AC-077F-4181-898D-A2B467AF6A32}.CD_ROM|Any CPU.Build.0 = Release|Any CPU
		{E7CDA5AC-077F-4181-898D-A2B467AF6A32}.CD_ROM|ARM.ActiveCfg = Release|Any CPU
		{E7CDA5AC-077F-4181-898D-A2B467AF6A32}.CD_ROM|ARM.Build.0 = Release|Any CPU
		{E7CDA5AC-077F-4181-898D-A2B467AF6A32}.CD_ROM|x64.ActiveCfg = Release|Any CPU
		{E7CDA5AC-077F-4181-898D-A2B467AF6A32}.CD_ROM|x64.Build.0 = Release|Any CPU
		{E7CDA5AC-077F-4181-898D-A2B467AF6A32}.CD_ROM|x86.ActiveCfg = Release|Any CPU
		{E7CDA5AC-077F-4181-898D-A2B467AF6A32}.CD_ROM|x86.Build.0 = Release|Any CPU
		{E7CDA5AC-077F-4181-898D-A2B467AF6A32}.Debug|Any CPU.ActiveCfg = Debug|Any CPU
		{E7CDA5AC-077F-4181-898D-A2B467AF6A32}.Debug|Any CPU.Build.0 = Debug|Any CPU
		{E7CDA5AC-077F-4181-898D-A2B467AF6A32}.Debug|ARM.ActiveCfg = Debug|Any CPU
		{E7CDA5AC-077F-4181-898D-A2B467AF6A32}.Debug|ARM.Build.0 = Debug|Any CPU
		{E7CDA5AC-077F-4181-898D-A2B467AF6A32}.Debug|x64.ActiveCfg = Debug|Any CPU
		{E7CDA5AC-077F-4181-898D-A2B467AF6A32}.Debug|x64.Build.0 = Debug|Any CPU
		{E7CDA5AC-077F-4181-898D-A2B467AF6A32}.Debug|x86.ActiveCfg = Debug|Any CPU
		{E7CDA5AC-077F-4181-898D-A2B467AF6A32}.Debug|x86.Build.0 = Debug|Any CPU
		{E7CDA5AC-077F-4181-898D-A2B467AF6A32}.DVD-5|Any CPU.ActiveCfg = Debug|Any CPU
		{E7CDA5AC-077F-4181-898D-A2B467AF6A32}.DVD-5|Any CPU.Build.0 = Debug|Any CPU
		{E7CDA5AC-077F-4181-898D-A2B467AF6A32}.DVD-5|ARM.ActiveCfg = Debug|Any CPU
		{E7CDA5AC-077F-4181-898D-A2B467AF6A32}.DVD-5|ARM.Build.0 = Debug|Any CPU
		{E7CDA5AC-077F-4181-898D-A2B467AF6A32}.DVD-5|x64.ActiveCfg = Debug|Any CPU
		{E7CDA5AC-077F-4181-898D-A2B467AF6A32}.DVD-5|x64.Build.0 = Debug|Any CPU
		{E7CDA5AC-077F-4181-898D-A2B467AF6A32}.DVD-5|x86.ActiveCfg = Debug|Any CPU
		{E7CDA5AC-077F-4181-898D-A2B467AF6A32}.DVD-5|x86.Build.0 = Debug|Any CPU
		{E7CDA5AC-077F-4181-898D-A2B467AF6A32}.Release|Any CPU.ActiveCfg = Release|Any CPU
		{E7CDA5AC-077F-4181-898D-A2B467AF6A32}.Release|Any CPU.Build.0 = Release|Any CPU
		{E7CDA5AC-077F-4181-898D-A2B467AF6A32}.Release|ARM.ActiveCfg = Release|Any CPU
		{E7CDA5AC-077F-4181-898D-A2B467AF6A32}.Release|ARM.Build.0 = Release|Any CPU
		{E7CDA5AC-077F-4181-898D-A2B467AF6A32}.Release|x64.ActiveCfg = Release|Any CPU
		{E7CDA5AC-077F-4181-898D-A2B467AF6A32}.Release|x64.Build.0 = Release|Any CPU
		{E7CDA5AC-077F-4181-898D-A2B467AF6A32}.Release|x86.ActiveCfg = Release|Any CPU
		{E7CDA5AC-077F-4181-898D-A2B467AF6A32}.Release|x86.Build.0 = Release|Any CPU
		{E7CDA5AC-077F-4181-898D-A2B467AF6A32}.SingleImage|Any CPU.ActiveCfg = Release|Any CPU
		{E7CDA5AC-077F-4181-898D-A2B467AF6A32}.SingleImage|Any CPU.Build.0 = Release|Any CPU
		{E7CDA5AC-077F-4181-898D-A2B467AF6A32}.SingleImage|ARM.ActiveCfg = Release|Any CPU
		{E7CDA5AC-077F-4181-898D-A2B467AF6A32}.SingleImage|ARM.Build.0 = Release|Any CPU
		{E7CDA5AC-077F-4181-898D-A2B467AF6A32}.SingleImage|x64.ActiveCfg = Release|Any CPU
		{E7CDA5AC-077F-4181-898D-A2B467AF6A32}.SingleImage|x64.Build.0 = Release|Any CPU
		{E7CDA5AC-077F-4181-898D-A2B467AF6A32}.SingleImage|x86.ActiveCfg = Release|Any CPU
		{E7CDA5AC-077F-4181-898D-A2B467AF6A32}.SingleImage|x86.Build.0 = Release|Any CPU
		{E7CDA5AC-077F-4181-898D-A2B467AF6A32}.Test|Any CPU.ActiveCfg = Release|Any CPU
		{E7CDA5AC-077F-4181-898D-A2B467AF6A32}.Test|Any CPU.Build.0 = Release|Any CPU
		{E7CDA5AC-077F-4181-898D-A2B467AF6A32}.Test|ARM.ActiveCfg = Release|Any CPU
		{E7CDA5AC-077F-4181-898D-A2B467AF6A32}.Test|ARM.Build.0 = Release|Any CPU
		{E7CDA5AC-077F-4181-898D-A2B467AF6A32}.Test|x64.ActiveCfg = Release|Any CPU
		{E7CDA5AC-077F-4181-898D-A2B467AF6A32}.Test|x64.Build.0 = Release|Any CPU
		{E7CDA5AC-077F-4181-898D-A2B467AF6A32}.Test|x86.ActiveCfg = Release|Any CPU
		{E7CDA5AC-077F-4181-898D-A2B467AF6A32}.Test|x86.Build.0 = Release|Any CPU
		{5AB51728-6709-4C35-A268-D8C0688CB12C}.CD_ROM|Any CPU.ActiveCfg = Release|Any CPU
		{5AB51728-6709-4C35-A268-D8C0688CB12C}.CD_ROM|Any CPU.Build.0 = Release|Any CPU
		{5AB51728-6709-4C35-A268-D8C0688CB12C}.CD_ROM|ARM.ActiveCfg = Release|Any CPU
		{5AB51728-6709-4C35-A268-D8C0688CB12C}.CD_ROM|ARM.Build.0 = Release|Any CPU
		{5AB51728-6709-4C35-A268-D8C0688CB12C}.CD_ROM|x64.ActiveCfg = Release|Any CPU
		{5AB51728-6709-4C35-A268-D8C0688CB12C}.CD_ROM|x64.Build.0 = Release|Any CPU
		{5AB51728-6709-4C35-A268-D8C0688CB12C}.CD_ROM|x86.ActiveCfg = Release|Any CPU
		{5AB51728-6709-4C35-A268-D8C0688CB12C}.CD_ROM|x86.Build.0 = Release|Any CPU
		{5AB51728-6709-4C35-A268-D8C0688CB12C}.Debug|Any CPU.ActiveCfg = Debug|Any CPU
		{5AB51728-6709-4C35-A268-D8C0688CB12C}.Debug|Any CPU.Build.0 = Debug|Any CPU
		{5AB51728-6709-4C35-A268-D8C0688CB12C}.Debug|ARM.ActiveCfg = Debug|Any CPU
		{5AB51728-6709-4C35-A268-D8C0688CB12C}.Debug|ARM.Build.0 = Debug|Any CPU
		{5AB51728-6709-4C35-A268-D8C0688CB12C}.Debug|x64.ActiveCfg = Debug|Any CPU
		{5AB51728-6709-4C35-A268-D8C0688CB12C}.Debug|x64.Build.0 = Debug|Any CPU
		{5AB51728-6709-4C35-A268-D8C0688CB12C}.Debug|x86.ActiveCfg = Debug|Any CPU
		{5AB51728-6709-4C35-A268-D8C0688CB12C}.Debug|x86.Build.0 = Debug|Any CPU
		{5AB51728-6709-4C35-A268-D8C0688CB12C}.DVD-5|Any CPU.ActiveCfg = Debug|Any CPU
		{5AB51728-6709-4C35-A268-D8C0688CB12C}.DVD-5|Any CPU.Build.0 = Debug|Any CPU
		{5AB51728-6709-4C35-A268-D8C0688CB12C}.DVD-5|ARM.ActiveCfg = Debug|Any CPU
		{5AB51728-6709-4C35-A268-D8C0688CB12C}.DVD-5|ARM.Build.0 = Debug|Any CPU
		{5AB51728-6709-4C35-A268-D8C0688CB12C}.DVD-5|x64.ActiveCfg = Debug|Any CPU
		{5AB51728-6709-4C35-A268-D8C0688CB12C}.DVD-5|x64.Build.0 = Debug|Any CPU
		{5AB51728-6709-4C35-A268-D8C0688CB12C}.DVD-5|x86.ActiveCfg = Debug|Any CPU
		{5AB51728-6709-4C35-A268-D8C0688CB12C}.DVD-5|x86.Build.0 = Debug|Any CPU
		{5AB51728-6709-4C35-A268-D8C0688CB12C}.Release|Any CPU.ActiveCfg = Release|Any CPU
		{5AB51728-6709-4C35-A268-D8C0688CB12C}.Release|Any CPU.Build.0 = Release|Any CPU
		{5AB51728-6709-4C35-A268-D8C0688CB12C}.Release|ARM.ActiveCfg = Release|Any CPU
		{5AB51728-6709-4C35-A268-D8C0688CB12C}.Release|ARM.Build.0 = Release|Any CPU
		{5AB51728-6709-4C35-A268-D8C0688CB12C}.Release|x64.ActiveCfg = Release|Any CPU
		{5AB51728-6709-4C35-A268-D8C0688CB12C}.Release|x64.Build.0 = Release|Any CPU
		{5AB51728-6709-4C35-A268-D8C0688CB12C}.Release|x86.ActiveCfg = Release|Any CPU
		{5AB51728-6709-4C35-A268-D8C0688CB12C}.Release|x86.Build.0 = Release|Any CPU
		{5AB51728-6709-4C35-A268-D8C0688CB12C}.SingleImage|Any CPU.ActiveCfg = Release|Any CPU
		{5AB51728-6709-4C35-A268-D8C0688CB12C}.SingleImage|Any CPU.Build.0 = Release|Any CPU
		{5AB51728-6709-4C35-A268-D8C0688CB12C}.SingleImage|ARM.ActiveCfg = Release|Any CPU
		{5AB51728-6709-4C35-A268-D8C0688CB12C}.SingleImage|ARM.Build.0 = Release|Any CPU
		{5AB51728-6709-4C35-A268-D8C0688CB12C}.SingleImage|x64.ActiveCfg = Release|Any CPU
		{5AB51728-6709-4C35-A268-D8C0688CB12C}.SingleImage|x64.Build.0 = Release|Any CPU
		{5AB51728-6709-4C35-A268-D8C0688CB12C}.SingleImage|x86.ActiveCfg = Release|Any CPU
		{5AB51728-6709-4C35-A268-D8C0688CB12C}.SingleImage|x86.Build.0 = Release|Any CPU
		{5AB51728-6709-4C35-A268-D8C0688CB12C}.Test|Any CPU.ActiveCfg = Release|Any CPU
		{5AB51728-6709-4C35-A268-D8C0688CB12C}.Test|Any CPU.Build.0 = Release|Any CPU
		{5AB51728-6709-4C35-A268-D8C0688CB12C}.Test|ARM.ActiveCfg = Release|Any CPU
		{5AB51728-6709-4C35-A268-D8C0688CB12C}.Test|ARM.Build.0 = Release|Any CPU
		{5AB51728-6709-4C35-A268-D8C0688CB12C}.Test|x64.ActiveCfg = Release|Any CPU
		{5AB51728-6709-4C35-A268-D8C0688CB12C}.Test|x64.Build.0 = Release|Any CPU
		{5AB51728-6709-4C35-A268-D8C0688CB12C}.Test|x86.ActiveCfg = Release|Any CPU
		{5AB51728-6709-4C35-A268-D8C0688CB12C}.Test|x86.Build.0 = Release|Any CPU
	EndGlobalSection
	GlobalSection(SolutionProperties) = preSolution
		HideSolutionNode = FALSE
	EndGlobalSection
EndGlobal
